// !$*UTF8*$!
{
	archiveVersion = 1;
	classes = {
	};
	objectVersion = 70;
	objects = {

/* Begin PBXBuildFile section */
		9600DE512BA17D1800205DE9 /* CustomToast.swift in Sources */ = {isa = PBXBuildFile; fileRef = 9600DE502BA17D1800205DE9 /* CustomToast.swift */; };
		9603C9F92B8AB73400F91C21 /* BasicProfileAnimationView.swift in Sources */ = {isa = PBXBuildFile; fileRef = 9603C9F82B8AB73400F91C21 /* BasicProfileAnimationView.swift */; };
		9603C9FB2B8AB79200F91C21 /* HeroItemView.swift in Sources */ = {isa = PBXBuildFile; fileRef = 9603C9FA2B8AB79200F91C21 /* HeroItemView.swift */; };
		961868B82BC7A78700552748 /* FloatingButton.swift in Sources */ = {isa = PBXBuildFile; fileRef = 961868B72BC7A78700552748 /* FloatingButton.swift */; };
		961BD74A2CA4C17C005ABFD6 /* UIImage+Color.swift in Sources */ = {isa = PBXBuildFile; fileRef = 961BD7492CA4C17C005ABFD6 /* UIImage+Color.swift */; };
		961BD7692CA4DC8C005ABFD6 /* GridTransitionView+SearchQuery.swift in Sources */ = {isa = PBXBuildFile; fileRef = 961BD7682CA4DC8C005ABFD6 /* GridTransitionView+SearchQuery.swift */; };
		961F3B9D2B8818820055D79B /* HeroWrapperItem.swift in Sources */ = {isa = PBXBuildFile; fileRef = 961F3B9C2B8818820055D79B /* HeroWrapperItem.swift */; };
		961F3BBF2B897A310055D79B /* Profile.swift in Sources */ = {isa = PBXBuildFile; fileRef = 961F3BBE2B897A310055D79B /* Profile.swift */; };
		961F3BC22B897D7D0055D79B /* ProfileListView.swift in Sources */ = {isa = PBXBuildFile; fileRef = 961F3BC12B897D7D0055D79B /* ProfileListView.swift */; };
		961F51D92BC11B5200F0D953 /* Navigation+Extension.swift in Sources */ = {isa = PBXBuildFile; fileRef = 961F51D82BC11B5200F0D953 /* Navigation+Extension.swift */; };
		961F51DB2BC3B43B00F0D953 /* LimitedTextFieldIView.swift in Sources */ = {isa = PBXBuildFile; fileRef = 961F51DA2BC3B43B00F0D953 /* LimitedTextFieldIView.swift */; };
		9621D9632BE5F7D100183CB7 /* Tag.swift in Sources */ = {isa = PBXBuildFile; fileRef = 9621D9622BE5F7D100183CB7 /* Tag.swift */; };
		9621D9652BE5F85B00183CB7 /* TagFieldView.swift in Sources */ = {isa = PBXBuildFile; fileRef = 9621D9642BE5F85B00183CB7 /* TagFieldView.swift */; };
		9621D9672BE8409A00183CB7 /* TagLayout.swift in Sources */ = {isa = PBXBuildFile; fileRef = 9621D9662BE8409A00183CB7 /* TagLayout.swift */; };
		9621D96A2BE84B8300183CB7 /* SelectTagView.swift in Sources */ = {isa = PBXBuildFile; fileRef = 9621D9692BE84B8300183CB7 /* SelectTagView.swift */; };
		9621DC812BEF461400183CB7 /* PhotoItem.swift in Sources */ = {isa = PBXBuildFile; fileRef = 9621DC7F2BEF461000183CB7 /* PhotoItem.swift */; };
		9621DC8F2BF1E9AD00183CB7 /* SwipeActionDemoView.swift in Sources */ = {isa = PBXBuildFile; fileRef = 9621DC8E2BF1E9AD00183CB7 /* SwipeActionDemoView.swift */; };
		9621DC912BF1EDB100183CB7 /* ActionModel.swift in Sources */ = {isa = PBXBuildFile; fileRef = 9621DC902BF1EDB100183CB7 /* ActionModel.swift */; };
		9627DF132C25521300ABA6ED /* ScrollToHideHeaderView.swift in Sources */ = {isa = PBXBuildFile; fileRef = 9627DF122C25521300ABA6ED /* ScrollToHideHeaderView.swift */; };
		962B04732C214C03008E1E5D /* PixellateTextView.swift in Sources */ = {isa = PBXBuildFile; fileRef = 962B04722C214C03008E1E5D /* PixellateTextView.swift */; };
		962B04762C215176008E1E5D /* Pixellate.metal in Sources */ = {isa = PBXBuildFile; fileRef = 962B04752C215176008E1E5D /* Pixellate.metal */; };
		962B04782C22A162008E1E5D /* MeshGradientView.swift in Sources */ = {isa = PBXBuildFile; fileRef = 962B04772C22A162008E1E5D /* MeshGradientView.swift */; };
		962B047A2C23ED4A008E1E5D /* ExpandableNavigationSearchBarView.swift in Sources */ = {isa = PBXBuildFile; fileRef = 962B04792C23ED4A008E1E5D /* ExpandableNavigationSearchBarView.swift */; };
		96301B342C2A5FD300775407 /* TextFieldSelectionAPIView.swift in Sources */ = {isa = PBXBuildFile; fileRef = 96301B332C2A5FD300775407 /* TextFieldSelectionAPIView.swift */; };
		96352CE12C09A416001AD2FD /* AnchorKey.swift in Sources */ = {isa = PBXBuildFile; fileRef = 96352CE02C09A416001AD2FD /* AnchorKey.swift */; };
		96352CE62C09AC6E001AD2FD /* StackedCards.swift in Sources */ = {isa = PBXBuildFile; fileRef = 96352CE52C09AC6E001AD2FD /* StackedCards.swift */; };
		96352D4F2C0ED814001AD2FD /* CreditCard.swift in Sources */ = {isa = PBXBuildFile; fileRef = 96352D4E2C0ED814001AD2FD /* CreditCard.swift */; };
		96352D532C0ED913001AD2FD /* VerticalCircularCarouselView.swift in Sources */ = {isa = PBXBuildFile; fileRef = 96352D522C0ED913001AD2FD /* VerticalCircularCarouselView.swift */; };
		96352DB22C12E0E8001AD2FD /* GlitchTextEffectView.swift in Sources */ = {isa = PBXBuildFile; fileRef = 96352DB12C12E0E8001AD2FD /* GlitchTextEffectView.swift */; };
		963B846E2CCC4B7E00C3FB0D /* UniversalOverlayView+AppleMusicMiniPlaer.swift in Sources */ = {isa = PBXBuildFile; fileRef = 963B846D2CCC4B7E00C3FB0D /* UniversalOverlayView+AppleMusicMiniPlaer.swift */; };
		963B84712CCC4F5200C3FB0D /* ExpandableMusicPlayerView.swift in Sources */ = {isa = PBXBuildFile; fileRef = 963B84702CCC4F5200C3FB0D /* ExpandableMusicPlayerView.swift */; };
		963B85772CD35BBA00C3FB0D /* Snapshot.swift in Sources */ = {isa = PBXBuildFile; fileRef = 963B85762CD35BBA00C3FB0D /* Snapshot.swift */; };
		963B85B42CD436B100C3FB0D /* SnapshotDemoView.swift in Sources */ = {isa = PBXBuildFile; fileRef = 963B85B32CD436B100C3FB0D /* SnapshotDemoView.swift */; };
		963B862A2CE9495900C3FB0D /* EffectViewModifier.swift in Sources */ = {isa = PBXBuildFile; fileRef = 963B86292CE9495900C3FB0D /* EffectViewModifier.swift */; };
		963B862D2CE94FAD00C3FB0D /* ExpandableSlideriOS18View.swift in Sources */ = {isa = PBXBuildFile; fileRef = 963B862C2CE94FAD00C3FB0D /* ExpandableSlideriOS18View.swift */; };
		963B862F2CE971E100C3FB0D /* SliderWorkaroundScrollView.swift in Sources */ = {isa = PBXBuildFile; fileRef = 963B862E2CE971E100C3FB0D /* SliderWorkaroundScrollView.swift */; };
		963B87D82CEC0DF000C3FB0D /* mailSearchInboxiOS18.swift in Sources */ = {isa = PBXBuildFile; fileRef = 963B87D72CEC0DF000C3FB0D /* mailSearchInboxiOS18.swift */; };
		963B87DA2CEC0F3B00C3FB0D /* InboxTabModel.swift in Sources */ = {isa = PBXBuildFile; fileRef = 963B87D92CEC0F3B00C3FB0D /* InboxTabModel.swift */; };
		963B882F2CED403F00C3FB0D /* CustomTextFieldMenuActionsView.swift in Sources */ = {isa = PBXBuildFile; fileRef = 963B882E2CED403F00C3FB0D /* CustomTextFieldMenuActionsView.swift */; };
		963B88312CED4BB500C3FB0D /* TextFieldActions.swift in Sources */ = {isa = PBXBuildFile; fileRef = 963B88302CED4BB500C3FB0D /* TextFieldActions.swift */; };
		963DB14B2BBBD21400AAF347 /* Reel.swift in Sources */ = {isa = PBXBuildFile; fileRef = 963DB14A2BBBD21400AAF347 /* Reel.swift */; };
		963DB1582BBBD91600AAF347 /* FullScreenVideoView.swift in Sources */ = {isa = PBXBuildFile; fileRef = 963DB1572BBBD91600AAF347 /* FullScreenVideoView.swift */; };
		964222E62CF3F13C00A69F8D /* DisintegrationEffectView.swift in Sources */ = {isa = PBXBuildFile; fileRef = 964222E52CF3F13C00A69F8D /* DisintegrationEffectView.swift */; };
		9642236D2CF698D600A69F8D /* InteractiveNavigationGestureView.swift in Sources */ = {isa = PBXBuildFile; fileRef = 9642236C2CF698D600A69F8D /* InteractiveNavigationGestureView.swift */; };
		964223702CF69FCF00A69F8D /* ViewExtractor.swift in Sources */ = {isa = PBXBuildFile; fileRef = 9642236F2CF69FCF00A69F8D /* ViewExtractor.swift */; };
		965851092C90EC2300003266 /* CustomTextFieldKeyboardsView.swift in Sources */ = {isa = PBXBuildFile; fileRef = 965851082C90EC2300003266 /* CustomTextFieldKeyboardsView.swift */; };
		9658510B2C90ED3E00003266 /* CustomTextFieldWithKeyboard.swift in Sources */ = {isa = PBXBuildFile; fileRef = 9658510A2C90ED3E00003266 /* CustomTextFieldWithKeyboard.swift */; };
		9659991A2BE0BCD6000133FA /* View+Extension.swift in Sources */ = {isa = PBXBuildFile; fileRef = 965999192BE0BCD6000133FA /* View+Extension.swift */; };
		965D1DD62C9D4E3A004161B1 /* DynamicTagWidthView.swift in Sources */ = {isa = PBXBuildFile; fileRef = 965D1DD52C9D4E3A004161B1 /* DynamicTagWidthView.swift */; };
		965E03A02BCB2C4A00E8A400 /* BookView.swift in Sources */ = {isa = PBXBuildFile; fileRef = 965E039F2BCB2C4A00E8A400 /* BookView.swift */; };
		965E03A22BCD059F00E8A400 /* ParticleEffectsView.swift in Sources */ = {isa = PBXBuildFile; fileRef = 965E03A12BCD059F00E8A400 /* ParticleEffectsView.swift */; };
		965E573C2BC5097C00E172B3 /* DropDownView.swift in Sources */ = {isa = PBXBuildFile; fileRef = 965E573B2BC5097C00E172B3 /* DropDownView.swift */; };
		96601FEF2C7807DD002C91FB /* SchemePicker.swift in Sources */ = {isa = PBXBuildFile; fileRef = 96601FEE2C7807DD002C91FB /* SchemePicker.swift */; };
		96601FF12C78085A002C91FB /* ThemeSwitcherView.swift in Sources */ = {isa = PBXBuildFile; fileRef = 96601FF02C78085A002C91FB /* ThemeSwitcherView.swift */; };
		9662EF292C3E012800508B80 /* Video.swift in Sources */ = {isa = PBXBuildFile; fileRef = 9662EF282C3E012800508B80 /* Video.swift */; };
		9662EF2D2C3E01FF00508B80 /* ZoomTransitionView.swift in Sources */ = {isa = PBXBuildFile; fileRef = 9662EF2C2C3E01FF00508B80 /* ZoomTransitionView.swift */; };
		9662EF342C3E067100508B80 /* VideoSharedModel.swift in Sources */ = {isa = PBXBuildFile; fileRef = 9662EF322C3E067100508B80 /* VideoSharedModel.swift */; };
		9662EF372C3E3F2100508B80 /* ZoomVideoDetailView.swift in Sources */ = {isa = PBXBuildFile; fileRef = 9662EF362C3E3F2100508B80 /* ZoomVideoDetailView.swift */; };
		9662EF392C3E431600508B80 /* CustomVideoPlayer.swift in Sources */ = {isa = PBXBuildFile; fileRef = 9662EF382C3E430B00508B80 /* CustomVideoPlayer.swift */; };
		9662EFC82C45F51F00508B80 /* AnimatedPagingIndicatorsView.swift in Sources */ = {isa = PBXBuildFile; fileRef = 9662EFC72C45F51F00508B80 /* AnimatedPagingIndicatorsView.swift */; };
		9662EFCB2C460E9F00508B80 /* PageIndicatorView.swift in Sources */ = {isa = PBXBuildFile; fileRef = 9662EFCA2C460E9F00508B80 /* PageIndicatorView.swift */; };
		9662EFD32C471DB300508B80 /* ThemeSwitchView.swift in Sources */ = {isa = PBXBuildFile; fileRef = 9662EFD22C471DB300508B80 /* ThemeSwitchView.swift */; };
		9662EFDD2C47A8AE00508B80 /* Message.swift in Sources */ = {isa = PBXBuildFile; fileRef = 9662EFDA2C47A8AE00508B80 /* Message.swift */; };
		9662EFDF2C47AAD300508B80 /* MessengerGradientEffectView.swift in Sources */ = {isa = PBXBuildFile; fileRef = 9662EFDE2C47AAD300508B80 /* MessengerGradientEffectView.swift */; };
		9662F0032C4E294200508B80 /* InfiniteLoopingScrollView.swift in Sources */ = {isa = PBXBuildFile; fileRef = 9662F0022C4E294200508B80 /* InfiniteLoopingScrollView.swift */; };
		9662F0112C50854400508B80 /* ImageCarouselView.swift in Sources */ = {isa = PBXBuildFile; fileRef = 9662F0102C50854400508B80 /* ImageCarouselView.swift */; };
		9662F01F2C58348100508B80 /* Page.swift in Sources */ = {isa = PBXBuildFile; fileRef = 9662F01E2C58348100508B80 /* Page.swift */; };
		9662F0232C5838CB00508B80 /* MorphingSymbolView.swift in Sources */ = {isa = PBXBuildFile; fileRef = 9662F0222C5838CB00508B80 /* MorphingSymbolView.swift */; };
		9662F0252C583FB600508B80 /* LandingView.swift in Sources */ = {isa = PBXBuildFile; fileRef = 9662F0242C583FB600508B80 /* LandingView.swift */; };
		9662F02D2C58482200508B80 /* MetaballAnimationView.swift in Sources */ = {isa = PBXBuildFile; fileRef = 9662F02C2C58482200508B80 /* MetaballAnimationView.swift */; };
		9662F02F2C58BBBB00508B80 /* MorphingView.swift in Sources */ = {isa = PBXBuildFile; fileRef = 9662F02E2C58BBBB00508B80 /* MorphingView.swift */; };
		9662F0322C58BCCF00508B80 /* CustomShape.swift in Sources */ = {isa = PBXBuildFile; fileRef = 9662F0302C58BCCF00508B80 /* CustomShape.swift */; };
		967049292CC4BDDA0056269C /* ToastView.swift in Sources */ = {isa = PBXBuildFile; fileRef = 967049282CC4BDDA0056269C /* ToastView.swift */; };
		9682B4FB2CA7C852003D917F /* InfiniteCarouselView.swift in Sources */ = {isa = PBXBuildFile; fileRef = 9682B4FA2CA7C852003D917F /* InfiniteCarouselView.swift */; };
		9682B6CE2CB1D070003D917F /* Grid+PanGestureView.swift in Sources */ = {isa = PBXBuildFile; fileRef = 9682B6CD2CB1D070003D917F /* Grid+PanGestureView.swift */; };
		9682B6D12CB1D355003D917F /* ColorItem.swift in Sources */ = {isa = PBXBuildFile; fileRef = 9682B6CF2CB1D355003D917F /* ColorItem.swift */; };
		9682B7292CB5DD9E003D917F /* CameraControlView.swift in Sources */ = {isa = PBXBuildFile; fileRef = 9682B7282CB5DD9E003D917F /* CameraControlView.swift */; };
		9682B7F22CB9EEE2003D917F /* CardCarouselWithScrollTransitionsAPI.swift in Sources */ = {isa = PBXBuildFile; fileRef = 9682B7F12CB9EEE2003D917F /* CardCarouselWithScrollTransitionsAPI.swift */; };
		9682B8A52CBDC00D003D917F /* AnimatedTabBariOS18.swift in Sources */ = {isa = PBXBuildFile; fileRef = 9682B8A42CBDC00D003D917F /* AnimatedTabBariOS18.swift */; };
		9684833B2BCF61D40023FE2B /* ParticleEffect.swift in Sources */ = {isa = PBXBuildFile; fileRef = 9684833A2BCF61D40023FE2B /* ParticleEffect.swift */; };
		9684833D2BCF62C50023FE2B /* Particle.swift in Sources */ = {isa = PBXBuildFile; fileRef = 9684833C2BCF62C50023FE2B /* Particle.swift */; };
		968A17D42C07052F0072A0BA /* FlipClockTextEffectView.swift in Sources */ = {isa = PBXBuildFile; fileRef = 968A17D32C07052F0072A0BA /* FlipClockTextEffectView.swift */; };
		968D2D772B8C2B3A00007734 /* ProfileList+SheetView.swift in Sources */ = {isa = PBXBuildFile; fileRef = 968D2D762B8C2B3A00007734 /* ProfileList+SheetView.swift */; };
		968D2D792B8C34CB00007734 /* WindowSharedModel.swift in Sources */ = {isa = PBXBuildFile; fileRef = 968D2D782B8C34CB00007734 /* WindowSharedModel.swift */; };
		968D2D7B2B8C65E500007734 /* WindowSharedModelHeroAnimationView.swift in Sources */ = {isa = PBXBuildFile; fileRef = 968D2D7A2B8C65E500007734 /* WindowSharedModelHeroAnimationView.swift */; };
		968D2E9E2B8EB56500007734 /* Tab_iOS17.swift in Sources */ = {isa = PBXBuildFile; fileRef = 968D2E9D2B8EB56500007734 /* Tab_iOS17.swift */; };
		968D2EA02B8EB69800007734 /* AnimatedTabView.swift in Sources */ = {isa = PBXBuildFile; fileRef = 968D2E9F2B8EB69800007734 /* AnimatedTabView.swift */; };
		968E54582C5C5F2800EB5F52 /* FloatingBottomSheetsView.swift in Sources */ = {isa = PBXBuildFile; fileRef = 968E54572C5C5F2800EB5F52 /* FloatingBottomSheetsView.swift */; };
		968E55092C61BAD400EB5F52 /* GridCompositionalLayoutView.swift in Sources */ = {isa = PBXBuildFile; fileRef = 968E55082C61BAD400EB5F52 /* GridCompositionalLayoutView.swift */; };
		9697B7412C6D9F190092D07A /* BlurEffectSearchBarView.swift in Sources */ = {isa = PBXBuildFile; fileRef = 9697B7402C6D9F190092D07A /* BlurEffectSearchBarView.swift */; };
		96AC80FD2C84F91D00ABBE78 /* CustomDragDropScrollView.swift in Sources */ = {isa = PBXBuildFile; fileRef = 96AC80FC2C84F91D00ABBE78 /* CustomDragDropScrollView.swift */; };
		96AC80FF2C84FFF900ABBE78 /* Control.swift in Sources */ = {isa = PBXBuildFile; fileRef = 96AC80FE2C84FFF900ABBE78 /* Control.swift */; };
		96AC82F22C8BAC0E00ABBE78 /* AdaptiveLayoutView.swift in Sources */ = {isa = PBXBuildFile; fileRef = 96AC82F12C8BAC0E00ABBE78 /* AdaptiveLayoutView.swift */; };
		96AC82F42C8BAC2000ABBE78 /* SideBarView.swift in Sources */ = {isa = PBXBuildFile; fileRef = 96AC82F32C8BAC2000ABBE78 /* SideBarView.swift */; };
		96ACBEF42C33B79E004F3070 /* Expense.swift in Sources */ = {isa = PBXBuildFile; fileRef = 96ACBEF22C33B79E004F3070 /* Expense.swift */; };
		96ACBEF72C33B961004F3070 /* ExpenseHomeView.swift in Sources */ = {isa = PBXBuildFile; fileRef = 96ACBEF62C33B961004F3070 /* ExpenseHomeView.swift */; };
		96ACBEF92C33BC62004F3070 /* ExpenseCard.swift in Sources */ = {isa = PBXBuildFile; fileRef = 96ACBEF82C33BC62004F3070 /* ExpenseCard.swift */; };
		96ACBEFF2C35014C004F3070 /* DraggableTabbarView.swift in Sources */ = {isa = PBXBuildFile; fileRef = 96ACBEFE2C35014C004F3070 /* DraggableTabbarView.swift */; };
		96ACBF082C3675FA004F3070 /* TabView+Extension.swift in Sources */ = {isa = PBXBuildFile; fileRef = 96ACBF072C3675FA004F3070 /* TabView+Extension.swift */; };
		96ACBF0B2C36791D004F3070 /* TabbarOverSheetView.swift in Sources */ = {isa = PBXBuildFile; fileRef = 96ACBF0A2C36791D004F3070 /* TabbarOverSheetView.swift */; };
		96AE18FA2C01BEB40015155A /* HackerTextView.swift in Sources */ = {isa = PBXBuildFile; fileRef = 96AE18F92C01BEB40015155A /* HackerTextView.swift */; };
		96AE18FD2C045C9A0015155A /* ScrollablePageTabsColorView.swift in Sources */ = {isa = PBXBuildFile; fileRef = 96AE18FB2C045AE30015155A /* ScrollablePageTabsColorView.swift */; };
		96B884D02BDCE0DB00196125 /* HorizontalTabView.swift in Sources */ = {isa = PBXBuildFile; fileRef = 96B884CF2BDCE0DB00196125 /* HorizontalTabView.swift */; };
		96B884EA2BDD82B000196125 /* Interpolation.swift in Sources */ = {isa = PBXBuildFile; fileRef = 96B884E92BDD82B000196125 /* Interpolation.swift */; };
		96BCDFDD2CC8C05B00A7CBFF /* UniversalOverlayView.swift in Sources */ = {isa = PBXBuildFile; fileRef = 96BCDFDC2CC8C05B00A7CBFF /* UniversalOverlayView.swift */; };
		96C0C2D72B905DDE00F56FF5 /* Card.swift in Sources */ = {isa = PBXBuildFile; fileRef = 96C0C2D62B905DDE00F56FF5 /* Card.swift */; };
		96C0C2D92B905E3500F56FF5 /* CardCarouselView.swift in Sources */ = {isa = PBXBuildFile; fileRef = 96C0C2D82B905E3500F56FF5 /* CardCarouselView.swift */; };
		96C0C2DB2B9063CF00F56FF5 /* OffsetReader.swift in Sources */ = {isa = PBXBuildFile; fileRef = 96C0C2DA2B9063CF00F56FF5 /* OffsetReader.swift */; };
		96C0C2DD2B906BA500F56FF5 /* ParallelXCardView.swift in Sources */ = {isa = PBXBuildFile; fileRef = 96C0C2DC2B906BA500F56FF5 /* ParallelXCardView.swift */; };
		96D04B312C09A1960062520D /* StackedScrollView.swift in Sources */ = {isa = PBXBuildFile; fileRef = 96D04B302C09A1960062520D /* StackedScrollView.swift */; };
		96D495812BBD0E140011D5AA /* ReelView.swift in Sources */ = {isa = PBXBuildFile; fileRef = 96D495802BBD0E140011D5AA /* ReelView.swift */; };
		96D496612BBFADD10011D5AA /* CircularCarouselSliderView.swift in Sources */ = {isa = PBXBuildFile; fileRef = 96D496602BBFADD10011D5AA /* CircularCarouselSliderView.swift */; };
		96DF8A8A2C39D81E0063A931 /* DynamicSheetView.swift in Sources */ = {isa = PBXBuildFile; fileRef = 96DF8A892C39D81E0063A931 /* DynamicSheetView.swift */; };
		96E09E7A2C6ED10C00A0BE66 /* ProgressiveBlurView.swift in Sources */ = {isa = PBXBuildFile; fileRef = 96E09E792C6ED10C00A0BE66 /* ProgressiveBlurView.swift */; };
		96E09EC52C7401D600A0BE66 /* FloatingTabBarView.swift in Sources */ = {isa = PBXBuildFile; fileRef = 96E09EC42C7401D600A0BE66 /* FloatingTabBarView.swift */; };
		96E09EC72C74105300A0BE66 /* FloatingTabbar.swift in Sources */ = {isa = PBXBuildFile; fileRef = 96E09EC62C74105300A0BE66 /* FloatingTabbar.swift */; };
		96E4DD142CFFDE1F0020261F /* SportItem.swift in Sources */ = {isa = PBXBuildFile; fileRef = 96E4DD112CFFDE1F0020261F /* SportItem.swift */; };
		96E4DD162CFFDF970020261F /* RotatingIconEffectView.swift in Sources */ = {isa = PBXBuildFile; fileRef = 96E4DD152CFFDF970020261F /* RotatingIconEffectView.swift */; };
		96E70B292B8F10CB00F23A51 /* TabStateScrollView.swift in Sources */ = {isa = PBXBuildFile; fileRef = 96E70B282B8F10CB00F23A51 /* TabStateScrollView.swift */; };
		96E7CEE42BE32C5C00F24910 /* TabShape.swift in Sources */ = {isa = PBXBuildFile; fileRef = 96E7CEE32BE32C5C00F24910 /* TabShape.swift */; };
		96EBF5E12BD793B400FDD20D /* ColorModel.swift in Sources */ = {isa = PBXBuildFile; fileRef = 96EBF5E02BD793B400FDD20D /* ColorModel.swift */; };
		96F9A6ED2B9FACE100FD6900 /* CustomButton.swift in Sources */ = {isa = PBXBuildFile; fileRef = 96F9A6EC2B9FACE100FD6900 /* CustomButton.swift */; };
		96F9FB872BB3F17B00C35779 /* SegmentControl.swift in Sources */ = {isa = PBXBuildFile; fileRef = 96F9FB862BB3F17B00C35779 /* SegmentControl.swift */; };
		96FF50972B92FE1700B36142 /* GridView.swift in Sources */ = {isa = PBXBuildFile; fileRef = 96FF50962B92FE1700B36142 /* GridView.swift */; };
		96FF50992B94427000B36142 /* PlayerAnimationView.swift in Sources */ = {isa = PBXBuildFile; fileRef = 96FF50982B94427000B36142 /* PlayerAnimationView.swift */; };
		96FF509B2B94465700B36142 /* PlayerItem.swift in Sources */ = {isa = PBXBuildFile; fileRef = 96FF509A2B94465700B36142 /* PlayerItem.swift */; };
		96FF509D2B944D1B00B36142 /* PlayerConfig.swift in Sources */ = {isa = PBXBuildFile; fileRef = 96FF509C2B944D1B00B36142 /* PlayerConfig.swift */; };
		96FF509F2B944E7300B36142 /* MiniPlayerView.swift in Sources */ = {isa = PBXBuildFile; fileRef = 96FF509E2B944E7300B36142 /* MiniPlayerView.swift */; };
		AB40B8472C9F5F9A00BC7747 /* Note.swift in Sources */ = {isa = PBXBuildFile; fileRef = AB40B8462C9F5F9A00BC7747 /* Note.swift */; };
		AB40B84C2C9F60A700BC7747 /* GridTransitionView.swift in Sources */ = {isa = PBXBuildFile; fileRef = AB40B84B2C9F60A700BC7747 /* GridTransitionView.swift */; };
/* End PBXBuildFile section */

/* Begin PBXContainerItemProxy section */
		96E4DD7C2D0275BA0020261F /* PBXContainerItemProxy */ = {
			isa = PBXContainerItemProxy;
			containerPortal = 961F3B832B8818240055D79B /* Project object */;
			proxyType = 1;
			remoteGlobalIDString = 96E4DD6B2D0275B90020261F;
			remoteInfo = walletApp;
		};
/* End PBXContainerItemProxy section */

/* Begin PBXFileReference section */
		9600DE502BA17D1800205DE9 /* CustomToast.swift */ = {isa = PBXFileReference; lastKnownFileType = sourcecode.swift; path = CustomToast.swift; sourceTree = "<group>"; };
		9603C9F82B8AB73400F91C21 /* BasicProfileAnimationView.swift */ = {isa = PBXFileReference; lastKnownFileType = sourcecode.swift; path = BasicProfileAnimationView.swift; sourceTree = "<group>"; };
		9603C9FA2B8AB79200F91C21 /* HeroItemView.swift */ = {isa = PBXFileReference; lastKnownFileType = sourcecode.swift; path = HeroItemView.swift; sourceTree = "<group>"; };
		961868B72BC7A78700552748 /* FloatingButton.swift */ = {isa = PBXFileReference; lastKnownFileType = sourcecode.swift; path = FloatingButton.swift; sourceTree = "<group>"; };
		961BD7492CA4C17C005ABFD6 /* UIImage+Color.swift */ = {isa = PBXFileReference; lastKnownFileType = sourcecode.swift; path = "UIImage+Color.swift"; sourceTree = "<group>"; };
		961BD7682CA4DC8C005ABFD6 /* GridTransitionView+SearchQuery.swift */ = {isa = PBXFileReference; lastKnownFileType = sourcecode.swift; path = "GridTransitionView+SearchQuery.swift"; sourceTree = "<group>"; };
		961F3B8B2B8818240055D79B /* walletTransition.app */ = {isa = PBXFileReference; explicitFileType = wrapper.application; includeInIndex = 0; path = walletTransition.app; sourceTree = BUILT_PRODUCTS_DIR; };
		961F3B9C2B8818820055D79B /* HeroWrapperItem.swift */ = {isa = PBXFileReference; lastKnownFileType = sourcecode.swift; path = HeroWrapperItem.swift; sourceTree = "<group>"; };
		961F3BBE2B897A310055D79B /* Profile.swift */ = {isa = PBXFileReference; lastKnownFileType = sourcecode.swift; path = Profile.swift; sourceTree = "<group>"; };
		961F3BC12B897D7D0055D79B /* ProfileListView.swift */ = {isa = PBXFileReference; lastKnownFileType = sourcecode.swift; path = ProfileListView.swift; sourceTree = "<group>"; };
		961F51D82BC11B5200F0D953 /* Navigation+Extension.swift */ = {isa = PBXFileReference; lastKnownFileType = sourcecode.swift; path = "Navigation+Extension.swift"; sourceTree = "<group>"; };
		961F51DA2BC3B43B00F0D953 /* LimitedTextFieldIView.swift */ = {isa = PBXFileReference; lastKnownFileType = sourcecode.swift; path = LimitedTextFieldIView.swift; sourceTree = "<group>"; };
		9621D9622BE5F7D100183CB7 /* Tag.swift */ = {isa = PBXFileReference; lastKnownFileType = sourcecode.swift; path = Tag.swift; sourceTree = "<group>"; };
		9621D9642BE5F85B00183CB7 /* TagFieldView.swift */ = {isa = PBXFileReference; lastKnownFileType = sourcecode.swift; path = TagFieldView.swift; sourceTree = "<group>"; };
		9621D9662BE8409A00183CB7 /* TagLayout.swift */ = {isa = PBXFileReference; lastKnownFileType = sourcecode.swift; path = TagLayout.swift; sourceTree = "<group>"; };
		9621D9692BE84B8300183CB7 /* SelectTagView.swift */ = {isa = PBXFileReference; lastKnownFileType = sourcecode.swift; path = SelectTagView.swift; sourceTree = "<group>"; };
		9621DC7F2BEF461000183CB7 /* PhotoItem.swift */ = {isa = PBXFileReference; lastKnownFileType = sourcecode.swift; path = PhotoItem.swift; sourceTree = "<group>"; };
		9621DC8E2BF1E9AD00183CB7 /* SwipeActionDemoView.swift */ = {isa = PBXFileReference; lastKnownFileType = sourcecode.swift; path = SwipeActionDemoView.swift; sourceTree = "<group>"; };
		9621DC902BF1EDB100183CB7 /* ActionModel.swift */ = {isa = PBXFileReference; lastKnownFileType = sourcecode.swift; path = ActionModel.swift; sourceTree = "<group>"; };
		9627DF122C25521300ABA6ED /* ScrollToHideHeaderView.swift */ = {isa = PBXFileReference; lastKnownFileType = sourcecode.swift; path = ScrollToHideHeaderView.swift; sourceTree = "<group>"; };
		962B04722C214C03008E1E5D /* PixellateTextView.swift */ = {isa = PBXFileReference; lastKnownFileType = sourcecode.swift; path = PixellateTextView.swift; sourceTree = "<group>"; };
		962B04752C215176008E1E5D /* Pixellate.metal */ = {isa = PBXFileReference; lastKnownFileType = sourcecode.metal; path = Pixellate.metal; sourceTree = "<group>"; };
		962B04772C22A162008E1E5D /* MeshGradientView.swift */ = {isa = PBXFileReference; lastKnownFileType = sourcecode.swift; path = MeshGradientView.swift; sourceTree = "<group>"; };
		962B04792C23ED4A008E1E5D /* ExpandableNavigationSearchBarView.swift */ = {isa = PBXFileReference; lastKnownFileType = sourcecode.swift; path = ExpandableNavigationSearchBarView.swift; sourceTree = "<group>"; };
		96301B332C2A5FD300775407 /* TextFieldSelectionAPIView.swift */ = {isa = PBXFileReference; lastKnownFileType = sourcecode.swift; path = TextFieldSelectionAPIView.swift; sourceTree = "<group>"; };
		96352CE02C09A416001AD2FD /* AnchorKey.swift */ = {isa = PBXFileReference; lastKnownFileType = sourcecode.swift; path = AnchorKey.swift; sourceTree = "<group>"; };
		96352CE52C09AC6E001AD2FD /* StackedCards.swift */ = {isa = PBXFileReference; lastKnownFileType = sourcecode.swift; path = StackedCards.swift; sourceTree = "<group>"; };
		96352D4E2C0ED814001AD2FD /* CreditCard.swift */ = {isa = PBXFileReference; lastKnownFileType = sourcecode.swift; path = CreditCard.swift; sourceTree = "<group>"; };
		96352D522C0ED913001AD2FD /* VerticalCircularCarouselView.swift */ = {isa = PBXFileReference; lastKnownFileType = sourcecode.swift; path = VerticalCircularCarouselView.swift; sourceTree = "<group>"; };
		96352DB12C12E0E8001AD2FD /* GlitchTextEffectView.swift */ = {isa = PBXFileReference; lastKnownFileType = sourcecode.swift; path = GlitchTextEffectView.swift; sourceTree = "<group>"; };
		963B846D2CCC4B7E00C3FB0D /* UniversalOverlayView+AppleMusicMiniPlaer.swift */ = {isa = PBXFileReference; lastKnownFileType = sourcecode.swift; path = "UniversalOverlayView+AppleMusicMiniPlaer.swift"; sourceTree = "<group>"; };
		963B84702CCC4F5200C3FB0D /* ExpandableMusicPlayerView.swift */ = {isa = PBXFileReference; lastKnownFileType = sourcecode.swift; path = ExpandableMusicPlayerView.swift; sourceTree = "<group>"; };
		963B85762CD35BBA00C3FB0D /* Snapshot.swift */ = {isa = PBXFileReference; lastKnownFileType = sourcecode.swift; path = Snapshot.swift; sourceTree = "<group>"; };
		963B85B32CD436B100C3FB0D /* SnapshotDemoView.swift */ = {isa = PBXFileReference; lastKnownFileType = sourcecode.swift; path = SnapshotDemoView.swift; sourceTree = "<group>"; };
		963B86292CE9495900C3FB0D /* EffectViewModifier.swift */ = {isa = PBXFileReference; lastKnownFileType = sourcecode.swift; path = EffectViewModifier.swift; sourceTree = "<group>"; };
		963B862C2CE94FAD00C3FB0D /* ExpandableSlideriOS18View.swift */ = {isa = PBXFileReference; lastKnownFileType = sourcecode.swift; path = ExpandableSlideriOS18View.swift; sourceTree = "<group>"; };
		963B862E2CE971E100C3FB0D /* SliderWorkaroundScrollView.swift */ = {isa = PBXFileReference; lastKnownFileType = sourcecode.swift; path = SliderWorkaroundScrollView.swift; sourceTree = "<group>"; };
		963B87D72CEC0DF000C3FB0D /* mailSearchInboxiOS18.swift */ = {isa = PBXFileReference; lastKnownFileType = sourcecode.swift; path = mailSearchInboxiOS18.swift; sourceTree = "<group>"; };
		963B87D92CEC0F3B00C3FB0D /* InboxTabModel.swift */ = {isa = PBXFileReference; lastKnownFileType = sourcecode.swift; path = InboxTabModel.swift; sourceTree = "<group>"; };
		963B882E2CED403F00C3FB0D /* CustomTextFieldMenuActionsView.swift */ = {isa = PBXFileReference; lastKnownFileType = sourcecode.swift; path = CustomTextFieldMenuActionsView.swift; sourceTree = "<group>"; };
		963B88302CED4BB500C3FB0D /* TextFieldActions.swift */ = {isa = PBXFileReference; lastKnownFileType = sourcecode.swift; path = TextFieldActions.swift; sourceTree = "<group>"; };
		963DB14A2BBBD21400AAF347 /* Reel.swift */ = {isa = PBXFileReference; lastKnownFileType = sourcecode.swift; path = Reel.swift; sourceTree = "<group>"; };
		963DB1572BBBD91600AAF347 /* FullScreenVideoView.swift */ = {isa = PBXFileReference; lastKnownFileType = sourcecode.swift; path = FullScreenVideoView.swift; sourceTree = "<group>"; };
		964222E52CF3F13C00A69F8D /* DisintegrationEffectView.swift */ = {isa = PBXFileReference; lastKnownFileType = sourcecode.swift; path = DisintegrationEffectView.swift; sourceTree = "<group>"; };
		9642236C2CF698D600A69F8D /* InteractiveNavigationGestureView.swift */ = {isa = PBXFileReference; lastKnownFileType = sourcecode.swift; name = InteractiveNavigationGestureView.swift; path = View/InteractiveNavigationGestureView.swift; sourceTree = SOURCE_ROOT; };
		9642236F2CF69FCF00A69F8D /* ViewExtractor.swift */ = {isa = PBXFileReference; lastKnownFileType = sourcecode.swift; path = ViewExtractor.swift; sourceTree = "<group>"; };
		965851082C90EC2300003266 /* CustomTextFieldKeyboardsView.swift */ = {isa = PBXFileReference; lastKnownFileType = sourcecode.swift; path = CustomTextFieldKeyboardsView.swift; sourceTree = "<group>"; };
		9658510A2C90ED3E00003266 /* CustomTextFieldWithKeyboard.swift */ = {isa = PBXFileReference; lastKnownFileType = sourcecode.swift; path = CustomTextFieldWithKeyboard.swift; sourceTree = "<group>"; };
		965999192BE0BCD6000133FA /* View+Extension.swift */ = {isa = PBXFileReference; lastKnownFileType = sourcecode.swift; path = "View+Extension.swift"; sourceTree = "<group>"; };
		965D1DD52C9D4E3A004161B1 /* DynamicTagWidthView.swift */ = {isa = PBXFileReference; lastKnownFileType = sourcecode.swift; path = DynamicTagWidthView.swift; sourceTree = "<group>"; };
		965E039F2BCB2C4A00E8A400 /* BookView.swift */ = {isa = PBXFileReference; lastKnownFileType = sourcecode.swift; path = BookView.swift; sourceTree = "<group>"; };
		965E03A12BCD059F00E8A400 /* ParticleEffectsView.swift */ = {isa = PBXFileReference; lastKnownFileType = sourcecode.swift; path = ParticleEffectsView.swift; sourceTree = "<group>"; };
		965E573B2BC5097C00E172B3 /* DropDownView.swift */ = {isa = PBXFileReference; lastKnownFileType = sourcecode.swift; path = DropDownView.swift; sourceTree = "<group>"; };
		96601FEE2C7807DD002C91FB /* SchemePicker.swift */ = {isa = PBXFileReference; lastKnownFileType = sourcecode.swift; path = SchemePicker.swift; sourceTree = "<group>"; };
		96601FF02C78085A002C91FB /* ThemeSwitcherView.swift */ = {isa = PBXFileReference; lastKnownFileType = sourcecode.swift; path = ThemeSwitcherView.swift; sourceTree = "<group>"; };
		9662EF282C3E012800508B80 /* Video.swift */ = {isa = PBXFileReference; lastKnownFileType = sourcecode.swift; path = Video.swift; sourceTree = "<group>"; };
		9662EF2C2C3E01FF00508B80 /* ZoomTransitionView.swift */ = {isa = PBXFileReference; lastKnownFileType = sourcecode.swift; path = ZoomTransitionView.swift; sourceTree = "<group>"; };
		9662EF322C3E067100508B80 /* VideoSharedModel.swift */ = {isa = PBXFileReference; lastKnownFileType = sourcecode.swift; path = VideoSharedModel.swift; sourceTree = "<group>"; };
		9662EF362C3E3F2100508B80 /* ZoomVideoDetailView.swift */ = {isa = PBXFileReference; lastKnownFileType = sourcecode.swift; path = ZoomVideoDetailView.swift; sourceTree = "<group>"; };
		9662EF382C3E430B00508B80 /* CustomVideoPlayer.swift */ = {isa = PBXFileReference; lastKnownFileType = sourcecode.swift; path = CustomVideoPlayer.swift; sourceTree = "<group>"; };
		9662EFC72C45F51F00508B80 /* AnimatedPagingIndicatorsView.swift */ = {isa = PBXFileReference; lastKnownFileType = sourcecode.swift; path = AnimatedPagingIndicatorsView.swift; sourceTree = "<group>"; };
		9662EFCA2C460E9F00508B80 /* PageIndicatorView.swift */ = {isa = PBXFileReference; lastKnownFileType = sourcecode.swift; path = PageIndicatorView.swift; sourceTree = "<group>"; };
		9662EFD22C471DB300508B80 /* ThemeSwitchView.swift */ = {isa = PBXFileReference; lastKnownFileType = sourcecode.swift; path = ThemeSwitchView.swift; sourceTree = "<group>"; };
		9662EFDA2C47A8AE00508B80 /* Message.swift */ = {isa = PBXFileReference; lastKnownFileType = sourcecode.swift; path = Message.swift; sourceTree = "<group>"; };
		9662EFDE2C47AAD300508B80 /* MessengerGradientEffectView.swift */ = {isa = PBXFileReference; lastKnownFileType = sourcecode.swift; path = MessengerGradientEffectView.swift; sourceTree = "<group>"; };
		9662F0022C4E294200508B80 /* InfiniteLoopingScrollView.swift */ = {isa = PBXFileReference; lastKnownFileType = sourcecode.swift; path = InfiniteLoopingScrollView.swift; sourceTree = "<group>"; };
		9662F0102C50854400508B80 /* ImageCarouselView.swift */ = {isa = PBXFileReference; lastKnownFileType = sourcecode.swift; path = ImageCarouselView.swift; sourceTree = "<group>"; };
		9662F01E2C58348100508B80 /* Page.swift */ = {isa = PBXFileReference; lastKnownFileType = sourcecode.swift; path = Page.swift; sourceTree = "<group>"; };
		9662F0222C5838CB00508B80 /* MorphingSymbolView.swift */ = {isa = PBXFileReference; lastKnownFileType = sourcecode.swift; path = MorphingSymbolView.swift; sourceTree = "<group>"; };
		9662F0242C583FB600508B80 /* LandingView.swift */ = {isa = PBXFileReference; lastKnownFileType = sourcecode.swift; name = LandingView.swift; path = View/LandingView.swift; sourceTree = SOURCE_ROOT; };
		9662F02C2C58482200508B80 /* MetaballAnimationView.swift */ = {isa = PBXFileReference; lastKnownFileType = sourcecode.swift; path = MetaballAnimationView.swift; sourceTree = "<group>"; };
		9662F02E2C58BBBB00508B80 /* MorphingView.swift */ = {isa = PBXFileReference; lastKnownFileType = sourcecode.swift; path = MorphingView.swift; sourceTree = "<group>"; };
		9662F0302C58BCCF00508B80 /* CustomShape.swift */ = {isa = PBXFileReference; lastKnownFileType = sourcecode.swift; path = CustomShape.swift; sourceTree = "<group>"; };
		967049282CC4BDDA0056269C /* ToastView.swift */ = {isa = PBXFileReference; lastKnownFileType = sourcecode.swift; path = ToastView.swift; sourceTree = "<group>"; };
		96726B162C2FA8AA007A4E34 /* TimerHomeView.swift */ = {isa = PBXFileReference; lastKnownFileType = sourcecode.swift; path = TimerHomeView.swift; sourceTree = "<group>"; };
		96726B182C2FCECB007A4E34 /* TimeModel.swift */ = {isa = PBXFileReference; lastKnownFileType = sourcecode.swift; path = TimeModel.swift; sourceTree = "<group>"; };
		96726B1B2C2FD04E007A4E34 /* FlipClockTextEffectView.swift */ = {isa = PBXFileReference; lastKnownFileType = sourcecode.swift; path = FlipClockTextEffectView.swift; sourceTree = "<group>"; };
		96726B1D2C2FD354007A4E34 /* TimePickerView.swift */ = {isa = PBXFileReference; lastKnownFileType = sourcecode.swift; path = TimePickerView.swift; sourceTree = "<group>"; };
		96726B202C2FD9CA007A4E34 /* Recent.swift */ = {isa = PBXFileReference; lastKnownFileType = sourcecode.swift; path = Recent.swift; sourceTree = "<group>"; };
		9682B4FA2CA7C852003D917F /* InfiniteCarouselView.swift */ = {isa = PBXFileReference; lastKnownFileType = sourcecode.swift; path = InfiniteCarouselView.swift; sourceTree = "<group>"; };
		9682B6CD2CB1D070003D917F /* Grid+PanGestureView.swift */ = {isa = PBXFileReference; lastKnownFileType = sourcecode.swift; path = "Grid+PanGestureView.swift"; sourceTree = "<group>"; };
		9682B6CF2CB1D355003D917F /* ColorItem.swift */ = {isa = PBXFileReference; lastKnownFileType = sourcecode.swift; path = ColorItem.swift; sourceTree = "<group>"; };
		9682B7282CB5DD9E003D917F /* CameraControlView.swift */ = {isa = PBXFileReference; lastKnownFileType = sourcecode.swift; path = CameraControlView.swift; sourceTree = "<group>"; };
		9682B7F12CB9EEE2003D917F /* CardCarouselWithScrollTransitionsAPI.swift */ = {isa = PBXFileReference; lastKnownFileType = sourcecode.swift; path = CardCarouselWithScrollTransitionsAPI.swift; sourceTree = "<group>"; };
		9682B8A42CBDC00D003D917F /* AnimatedTabBariOS18.swift */ = {isa = PBXFileReference; lastKnownFileType = sourcecode.swift; path = AnimatedTabBariOS18.swift; sourceTree = "<group>"; };
		9684833A2BCF61D40023FE2B /* ParticleEffect.swift */ = {isa = PBXFileReference; lastKnownFileType = sourcecode.swift; path = ParticleEffect.swift; sourceTree = "<group>"; };
		9684833C2BCF62C50023FE2B /* Particle.swift */ = {isa = PBXFileReference; lastKnownFileType = sourcecode.swift; path = Particle.swift; sourceTree = "<group>"; };
		968A17D32C07052F0072A0BA /* FlipClockTextEffectView.swift */ = {isa = PBXFileReference; lastKnownFileType = sourcecode.swift; path = FlipClockTextEffectView.swift; sourceTree = "<group>"; };
		968D2D762B8C2B3A00007734 /* ProfileList+SheetView.swift */ = {isa = PBXFileReference; lastKnownFileType = sourcecode.swift; path = "ProfileList+SheetView.swift"; sourceTree = "<group>"; };
		968D2D782B8C34CB00007734 /* WindowSharedModel.swift */ = {isa = PBXFileReference; lastKnownFileType = sourcecode.swift; path = WindowSharedModel.swift; sourceTree = "<group>"; };
		968D2D7A2B8C65E500007734 /* WindowSharedModelHeroAnimationView.swift */ = {isa = PBXFileReference; lastKnownFileType = sourcecode.swift; path = WindowSharedModelHeroAnimationView.swift; sourceTree = "<group>"; };
		968D2E9D2B8EB56500007734 /* Tab_iOS17.swift */ = {isa = PBXFileReference; lastKnownFileType = sourcecode.swift; path = Tab_iOS17.swift; sourceTree = "<group>"; };
		968D2E9F2B8EB69800007734 /* AnimatedTabView.swift */ = {isa = PBXFileReference; lastKnownFileType = sourcecode.swift; path = AnimatedTabView.swift; sourceTree = "<group>"; };
		968E54572C5C5F2800EB5F52 /* FloatingBottomSheetsView.swift */ = {isa = PBXFileReference; lastKnownFileType = sourcecode.swift; path = FloatingBottomSheetsView.swift; sourceTree = "<group>"; };
		968E55082C61BAD400EB5F52 /* GridCompositionalLayoutView.swift */ = {isa = PBXFileReference; lastKnownFileType = sourcecode.swift; path = GridCompositionalLayoutView.swift; sourceTree = "<group>"; };
		9697B7402C6D9F190092D07A /* BlurEffectSearchBarView.swift */ = {isa = PBXFileReference; lastKnownFileType = sourcecode.swift; path = BlurEffectSearchBarView.swift; sourceTree = "<group>"; };
		96AC80FC2C84F91D00ABBE78 /* CustomDragDropScrollView.swift */ = {isa = PBXFileReference; lastKnownFileType = sourcecode.swift; path = CustomDragDropScrollView.swift; sourceTree = "<group>"; };
		96AC80FE2C84FFF900ABBE78 /* Control.swift */ = {isa = PBXFileReference; lastKnownFileType = sourcecode.swift; path = Control.swift; sourceTree = "<group>"; };
		96AC82F12C8BAC0E00ABBE78 /* AdaptiveLayoutView.swift */ = {isa = PBXFileReference; lastKnownFileType = sourcecode.swift; path = AdaptiveLayoutView.swift; sourceTree = "<group>"; };
		96AC82F32C8BAC2000ABBE78 /* SideBarView.swift */ = {isa = PBXFileReference; lastKnownFileType = sourcecode.swift; path = SideBarView.swift; sourceTree = "<group>"; };
		96ACBEF22C33B79E004F3070 /* Expense.swift */ = {isa = PBXFileReference; lastKnownFileType = sourcecode.swift; path = Expense.swift; sourceTree = "<group>"; };
		96ACBEF62C33B961004F3070 /* ExpenseHomeView.swift */ = {isa = PBXFileReference; lastKnownFileType = sourcecode.swift; path = ExpenseHomeView.swift; sourceTree = "<group>"; };
		96ACBEF82C33BC62004F3070 /* ExpenseCard.swift */ = {isa = PBXFileReference; lastKnownFileType = sourcecode.swift; path = ExpenseCard.swift; sourceTree = "<group>"; };
		96ACBEFE2C35014C004F3070 /* DraggableTabbarView.swift */ = {isa = PBXFileReference; lastKnownFileType = sourcecode.swift; path = DraggableTabbarView.swift; sourceTree = "<group>"; };
		96ACBF072C3675FA004F3070 /* TabView+Extension.swift */ = {isa = PBXFileReference; lastKnownFileType = sourcecode.swift; path = "TabView+Extension.swift"; sourceTree = "<group>"; };
		96ACBF0A2C36791D004F3070 /* TabbarOverSheetView.swift */ = {isa = PBXFileReference; lastKnownFileType = sourcecode.swift; path = TabbarOverSheetView.swift; sourceTree = "<group>"; };
		96AE18F92C01BEB40015155A /* HackerTextView.swift */ = {isa = PBXFileReference; lastKnownFileType = sourcecode.swift; path = HackerTextView.swift; sourceTree = "<group>"; };
		96AE18FB2C045AE30015155A /* ScrollablePageTabsColorView.swift */ = {isa = PBXFileReference; lastKnownFileType = sourcecode.swift; path = ScrollablePageTabsColorView.swift; sourceTree = "<group>"; };
		96B884CF2BDCE0DB00196125 /* HorizontalTabView.swift */ = {isa = PBXFileReference; lastKnownFileType = sourcecode.swift; path = HorizontalTabView.swift; sourceTree = "<group>"; };
		96B884E92BDD82B000196125 /* Interpolation.swift */ = {isa = PBXFileReference; lastKnownFileType = sourcecode.swift; path = Interpolation.swift; sourceTree = "<group>"; };
		96BCDFDC2CC8C05B00A7CBFF /* UniversalOverlayView.swift */ = {isa = PBXFileReference; lastKnownFileType = sourcecode.swift; path = UniversalOverlayView.swift; sourceTree = "<group>"; };
		96C0C2D62B905DDE00F56FF5 /* Card.swift */ = {isa = PBXFileReference; lastKnownFileType = sourcecode.swift; path = Card.swift; sourceTree = "<group>"; };
		96C0C2D82B905E3500F56FF5 /* CardCarouselView.swift */ = {isa = PBXFileReference; lastKnownFileType = sourcecode.swift; path = CardCarouselView.swift; sourceTree = "<group>"; };
		96C0C2DA2B9063CF00F56FF5 /* OffsetReader.swift */ = {isa = PBXFileReference; lastKnownFileType = sourcecode.swift; path = OffsetReader.swift; sourceTree = "<group>"; };
		96C0C2DC2B906BA500F56FF5 /* ParallelXCardView.swift */ = {isa = PBXFileReference; lastKnownFileType = sourcecode.swift; path = ParallelXCardView.swift; sourceTree = "<group>"; };
		96D04B302C09A1960062520D /* StackedScrollView.swift */ = {isa = PBXFileReference; lastKnownFileType = sourcecode.swift; path = StackedScrollView.swift; sourceTree = "<group>"; };
		96D495802BBD0E140011D5AA /* ReelView.swift */ = {isa = PBXFileReference; lastKnownFileType = sourcecode.swift; path = ReelView.swift; sourceTree = "<group>"; };
		96D496602BBFADD10011D5AA /* CircularCarouselSliderView.swift */ = {isa = PBXFileReference; lastKnownFileType = sourcecode.swift; path = CircularCarouselSliderView.swift; sourceTree = "<group>"; };
		96DF8A892C39D81E0063A931 /* DynamicSheetView.swift */ = {isa = PBXFileReference; lastKnownFileType = sourcecode.swift; path = DynamicSheetView.swift; sourceTree = "<group>"; };
		96E09E792C6ED10C00A0BE66 /* ProgressiveBlurView.swift */ = {isa = PBXFileReference; lastKnownFileType = sourcecode.swift; path = ProgressiveBlurView.swift; sourceTree = "<group>"; };
		96E09EC42C7401D600A0BE66 /* FloatingTabBarView.swift */ = {isa = PBXFileReference; lastKnownFileType = sourcecode.swift; path = FloatingTabBarView.swift; sourceTree = "<group>"; };
		96E09EC62C74105300A0BE66 /* FloatingTabbar.swift */ = {isa = PBXFileReference; lastKnownFileType = sourcecode.swift; path = FloatingTabbar.swift; sourceTree = "<group>"; };
		96E4DD112CFFDE1F0020261F /* SportItem.swift */ = {isa = PBXFileReference; lastKnownFileType = sourcecode.swift; path = SportItem.swift; sourceTree = "<group>"; };
		96E4DD152CFFDF970020261F /* RotatingIconEffectView.swift */ = {isa = PBXFileReference; lastKnownFileType = sourcecode.swift; path = RotatingIconEffectView.swift; sourceTree = "<group>"; };
		96E4DD6C2D0275B90020261F /* walletApp.app */ = {isa = PBXFileReference; explicitFileType = wrapper.application; includeInIndex = 0; path = walletApp.app; sourceTree = BUILT_PRODUCTS_DIR; };
		96E4DD7B2D0275BA0020261F /* walletAppTests.xctest */ = {isa = PBXFileReference; explicitFileType = wrapper.cfbundle; includeInIndex = 0; path = walletAppTests.xctest; sourceTree = BUILT_PRODUCTS_DIR; };
		96E70B282B8F10CB00F23A51 /* TabStateScrollView.swift */ = {isa = PBXFileReference; lastKnownFileType = sourcecode.swift; path = TabStateScrollView.swift; sourceTree = "<group>"; };
		96E7CEE32BE32C5C00F24910 /* TabShape.swift */ = {isa = PBXFileReference; lastKnownFileType = sourcecode.swift; path = TabShape.swift; sourceTree = "<group>"; };
		96EACD142BAF7E6C0056A012 /* UniversalAlert.swift */ = {isa = PBXFileReference; lastKnownFileType = sourcecode.swift; path = UniversalAlert.swift; sourceTree = "<group>"; };
		96EBF5E02BD793B400FDD20D /* ColorModel.swift */ = {isa = PBXFileReference; lastKnownFileType = sourcecode.swift; path = ColorModel.swift; sourceTree = "<group>"; };
		96F9A6EC2B9FACE100FD6900 /* CustomButton.swift */ = {isa = PBXFileReference; lastKnownFileType = sourcecode.swift; path = CustomButton.swift; sourceTree = "<group>"; };
		96F9FB862BB3F17B00C35779 /* SegmentControl.swift */ = {isa = PBXFileReference; lastKnownFileType = sourcecode.swift; path = SegmentControl.swift; sourceTree = "<group>"; };
		96FF50962B92FE1700B36142 /* GridView.swift */ = {isa = PBXFileReference; lastKnownFileType = sourcecode.swift; path = GridView.swift; sourceTree = "<group>"; };
		96FF50982B94427000B36142 /* PlayerAnimationView.swift */ = {isa = PBXFileReference; lastKnownFileType = sourcecode.swift; path = PlayerAnimationView.swift; sourceTree = "<group>"; };
		96FF509A2B94465700B36142 /* PlayerItem.swift */ = {isa = PBXFileReference; lastKnownFileType = sourcecode.swift; path = PlayerItem.swift; sourceTree = "<group>"; };
		96FF509C2B944D1B00B36142 /* PlayerConfig.swift */ = {isa = PBXFileReference; lastKnownFileType = sourcecode.swift; path = PlayerConfig.swift; sourceTree = "<group>"; };
		96FF509E2B944E7300B36142 /* MiniPlayerView.swift */ = {isa = PBXFileReference; lastKnownFileType = sourcecode.swift; path = MiniPlayerView.swift; sourceTree = "<group>"; };
		AB40B8462C9F5F9A00BC7747 /* Note.swift */ = {isa = PBXFileReference; lastKnownFileType = sourcecode.swift; path = Note.swift; sourceTree = "<group>"; };
		AB40B84B2C9F60A700BC7747 /* GridTransitionView.swift */ = {isa = PBXFileReference; lastKnownFileType = sourcecode.swift; path = GridTransitionView.swift; sourceTree = "<group>"; };
/* End PBXFileReference section */

/* Begin PBXFileSystemSynchronizedBuildFileExceptionSet section */
		966E8F982C2E8CC300299713 /* PBXFileSystemSynchronizedBuildFileExceptionSet */ = {
			isa = PBXFileSystemSynchronizedBuildFileExceptionSet;
			membershipExceptions = (
				DropdownPickerView.swift,
				ExpandableWheelPickerView.swift,
				ImagePicker.swift,
				TimePickerView.swift,
			);
			target = 961F3B8A2B8818240055D79B /* walletTransition */;
		};
/* End PBXFileSystemSynchronizedBuildFileExceptionSet section */

/* Begin PBXFileSystemSynchronizedRootGroup section */
		966E8F952C2E8CAE00299713 /* PickerView */ = {isa = PBXFileSystemSynchronizedRootGroup; exceptions = (966E8F982C2E8CC300299713 /* PBXFileSystemSynchronizedBuildFileExceptionSet */, ); explicitFileTypes = {}; explicitFolders = (); path = PickerView; sourceTree = "<group>"; };
		96E4DD6D2D0275B90020261F /* walletApp */ = {isa = PBXFileSystemSynchronizedRootGroup; explicitFileTypes = {}; explicitFolders = (); path = walletApp; sourceTree = "<group>"; };
		96E4DD7E2D0275BA0020261F /* walletAppTests */ = {isa = PBXFileSystemSynchronizedRootGroup; explicitFileTypes = {}; explicitFolders = (); path = walletAppTests; sourceTree = "<group>"; };
/* End PBXFileSystemSynchronizedRootGroup section */

/* Begin PBXFrameworksBuildPhase section */
		961F3B882B8818240055D79B /* Frameworks */ = {
			isa = PBXFrameworksBuildPhase;
			buildActionMask = 2147483647;
			files = (
			);
			runOnlyForDeploymentPostprocessing = 0;
		};
		96E4DD692D0275B90020261F /* Frameworks */ = {
			isa = PBXFrameworksBuildPhase;
			buildActionMask = 2147483647;
			files = (
			);
			runOnlyForDeploymentPostprocessing = 0;
		};
		96E4DD782D0275BA0020261F /* Frameworks */ = {
			isa = PBXFrameworksBuildPhase;
			buildActionMask = 2147483647;
			files = (
			);
			runOnlyForDeploymentPostprocessing = 0;
		};
/* End PBXFrameworksBuildPhase section */

/* Begin PBXGroup section */
		960B2BA62B89DB5C002CD328 /* Helpers */ = {
			isa = PBXGroup;
			children = (
				9621D9682BE8409E00183CB7 /* Layout */,
				96352CE02C09A416001AD2FD /* AnchorKey.swift */,
				96C0C2DA2B9063CF00F56FF5 /* OffsetReader.swift */,
				96E70B282B8F10CB00F23A51 /* TabStateScrollView.swift */,
				9600DE502BA17D1800205DE9 /* CustomToast.swift */,
				96EACD142BAF7E6C0056A012 /* UniversalAlert.swift */,
				96F9FB862BB3F17B00C35779 /* SegmentControl.swift */,
				961F51DA2BC3B43B00F0D953 /* LimitedTextFieldIView.swift */,
				961868B72BC7A78700552748 /* FloatingButton.swift */,
				9684833A2BCF61D40023FE2B /* ParticleEffect.swift */,
				96EBF5E02BD793B400FDD20D /* ColorModel.swift */,
				965999192BE0BCD6000133FA /* View+Extension.swift */,
				96ACBF072C3675FA004F3070 /* TabView+Extension.swift */,
				96601FEE2C7807DD002C91FB /* SchemePicker.swift */,
				9658510A2C90ED3E00003266 /* CustomTextFieldWithKeyboard.swift */,
				961F51D82BC11B5200F0D953 /* Navigation+Extension.swift */,
				961BD7492CA4C17C005ABFD6 /* UIImage+Color.swift */,
				963B85762CD35BBA00C3FB0D /* Snapshot.swift */,
				963B88302CED4BB500C3FB0D /* TextFieldActions.swift */,
				9642236F2CF69FCF00A69F8D /* ViewExtractor.swift */,
			);
			path = Helpers;
			sourceTree = "<group>";
		};
		961F3B822B8818240055D79B = {
			isa = PBXGroup;
			children = (
				96726B152C2FA88D007A4E34 /* PomodoroFocusTimer */,
				961F3BC02B897D1C0055D79B /* View */,
				961F3BBD2B8979E70055D79B /* Model */,
				960B2BA62B89DB5C002CD328 /* Helpers */,
				96E4DD6D2D0275B90020261F /* walletApp */,
				96E4DD7E2D0275BA0020261F /* walletAppTests */,
				961F3B8C2B8818240055D79B /* Products */,
			);
			sourceTree = "<group>";
		};
		961F3B8C2B8818240055D79B /* Products */ = {
			isa = PBXGroup;
			children = (
				961F3B8B2B8818240055D79B /* walletTransition.app */,
				96E4DD6C2D0275B90020261F /* walletApp.app */,
				96E4DD7B2D0275BA0020261F /* walletAppTests.xctest */,
			);
			name = Products;
			sourceTree = "<group>";
		};
		961F3BBD2B8979E70055D79B /* Model */ = {
			isa = PBXGroup;
			children = (
				9621DC902BF1EDB100183CB7 /* ActionModel.swift */,
				968D2D782B8C34CB00007734 /* WindowSharedModel.swift */,
				96C0C2D62B905DDE00F56FF5 /* Card.swift */,
				96352D4E2C0ED814001AD2FD /* CreditCard.swift */,
				96ACBEF22C33B79E004F3070 /* Expense.swift */,
				96ACBEF82C33BC62004F3070 /* ExpenseCard.swift */,
				968D2E9D2B8EB56500007734 /* Tab_iOS17.swift */,
				9621D9622BE5F7D100183CB7 /* Tag.swift */,
				961F3BBE2B897A310055D79B /* Profile.swift */,
				96FF509A2B94465700B36142 /* PlayerItem.swift */,
				96FF509C2B944D1B00B36142 /* PlayerConfig.swift */,
				9684833C2BCF62C50023FE2B /* Particle.swift */,
				9621DC7F2BEF461000183CB7 /* PhotoItem.swift */,
				96B884E92BDD82B000196125 /* Interpolation.swift */,
				9662EF282C3E012800508B80 /* Video.swift */,
				9662EF322C3E067100508B80 /* VideoSharedModel.swift */,
				9662EFDA2C47A8AE00508B80 /* Message.swift */,
				963DB14A2BBBD21400AAF347 /* Reel.swift */,
				9662F01E2C58348100508B80 /* Page.swift */,
				9662F0302C58BCCF00508B80 /* CustomShape.swift */,
				96AC80FE2C84FFF900ABBE78 /* Control.swift */,
				AB40B8462C9F5F9A00BC7747 /* Note.swift */,
				9682B6CF2CB1D355003D917F /* ColorItem.swift */,
				963B87D92CEC0F3B00C3FB0D /* InboxTabModel.swift */,
				96E4DD112CFFDE1F0020261F /* SportItem.swift */,
			);
			path = Model;
			sourceTree = "<group>";
		};
		961F3BC02B897D1C0055D79B /* View */ = {
			isa = PBXGroup;
			children = (
				963B862B2CE94F9400C3FB0D /* Slider */,
				963B85B22CD4369F00C3FB0D /* Snapshot */,
				963B846F2CCC4F2700C3FB0D /* miniPlayerView */,
				AB40B84A2C9F607800BC7747 /* Grid */,
				96AC80FB2C84F89300ABBE78 /* ScrollView */,
				9697B73F2C6D9EF60092D07A /* SearchBar */,
				9662EFC92C460E8600508B80 /* HelpView */,
				96DF8A882C39D7F90063A931 /* Sheet */,
				966E8F952C2E8CAE00299713 /* PickerView */,
				96301B322C2A5FAB00775407 /* TextFieldView */,
				968A17D22C0704F20072A0BA /* TextEffectView */,
				96E7CEE22BE32C4900F24910 /* Shape */,
				965E573A2BC5086000E172B3 /* Carousel */,
				96D495832BBD25160011D5AA /* Video */,
				96F9A6EB2B9FACC900FD6900 /* Button */,
				96E70B102B8EC21200F23A51 /* ProfileView */,
				96E70B0D2B8EBF0000F23A51 /* Tabbar */,
				96FF50982B94427000B36142 /* PlayerAnimationView.swift */,
				9642236C2CF698D600A69F8D /* InteractiveNavigationGestureView.swift */,
				96FF509E2B944E7300B36142 /* MiniPlayerView.swift */,
				965E573B2BC5097C00E172B3 /* DropDownView.swift */,
				965E039F2BCB2C4A00E8A400 /* BookView.swift */,
				965E03A12BCD059F00E8A400 /* ParticleEffectsView.swift */,
				9621DC8E2BF1E9AD00183CB7 /* SwipeActionDemoView.swift */,
				96352CE52C09AC6E001AD2FD /* StackedCards.swift */,
				962B04772C22A162008E1E5D /* MeshGradientView.swift */,
				96ACBEF62C33B961004F3070 /* ExpenseHomeView.swift */,
				9662EFDE2C47AAD300508B80 /* MessengerGradientEffectView.swift */,
				9662F0222C5838CB00508B80 /* MorphingSymbolView.swift */,
				9662F02E2C58BBBB00508B80 /* MorphingView.swift */,
				9662F0242C583FB600508B80 /* LandingView.swift */,
				9662F02C2C58482200508B80 /* MetaballAnimationView.swift */,
				96601FF02C78085A002C91FB /* ThemeSwitcherView.swift */,
				96AC82F12C8BAC0E00ABBE78 /* AdaptiveLayoutView.swift */,
				96AC82F32C8BAC2000ABBE78 /* SideBarView.swift */,
				967049282CC4BDDA0056269C /* ToastView.swift */,
				9682B7282CB5DD9E003D917F /* CameraControlView.swift */,
				964222E52CF3F13C00A69F8D /* DisintegrationEffectView.swift */,
				96E4DD152CFFDF970020261F /* RotatingIconEffectView.swift */,
			);
			path = View;
			sourceTree = "<group>";
		};
		9621D9682BE8409E00183CB7 /* Layout */ = {
			isa = PBXGroup;
			children = (
				9621D9662BE8409A00183CB7 /* TagLayout.swift */,
			);
			path = Layout;
			sourceTree = "<group>";
		};
		96301B322C2A5FAB00775407 /* TextFieldView */ = {
			isa = PBXGroup;
			children = (
				96301B332C2A5FD300775407 /* TextFieldSelectionAPIView.swift */,
				965851082C90EC2300003266 /* CustomTextFieldKeyboardsView.swift */,
				963B882E2CED403F00C3FB0D /* CustomTextFieldMenuActionsView.swift */,
			);
			path = TextFieldView;
			sourceTree = "<group>";
		};
		963B846F2CCC4F2700C3FB0D /* miniPlayerView */ = {
			isa = PBXGroup;
			children = (
				963B84702CCC4F5200C3FB0D /* ExpandableMusicPlayerView.swift */,
				96BCDFDC2CC8C05B00A7CBFF /* UniversalOverlayView.swift */,
				963B846D2CCC4B7E00C3FB0D /* UniversalOverlayView+AppleMusicMiniPlaer.swift */,
			);
			path = miniPlayerView;
			sourceTree = "<group>";
		};
		963B85B22CD4369F00C3FB0D /* Snapshot */ = {
			isa = PBXGroup;
			children = (
				963B85B32CD436B100C3FB0D /* SnapshotDemoView.swift */,
			);
			path = Snapshot;
			sourceTree = "<group>";
		};
		963B862B2CE94F9400C3FB0D /* Slider */ = {
			isa = PBXGroup;
			children = (
				963B862C2CE94FAD00C3FB0D /* ExpandableSlideriOS18View.swift */,
				963B862E2CE971E100C3FB0D /* SliderWorkaroundScrollView.swift */,
			);
			path = Slider;
			sourceTree = "<group>";
		};
		965E573A2BC5086000E172B3 /* Carousel */ = {
			isa = PBXGroup;
			children = (
				96C0C2D82B905E3500F56FF5 /* CardCarouselView.swift */,
				96C0C2DC2B906BA500F56FF5 /* ParallelXCardView.swift */,
				96D496602BBFADD10011D5AA /* CircularCarouselSliderView.swift */,
				96352D522C0ED913001AD2FD /* VerticalCircularCarouselView.swift */,
				9662EFC72C45F51F00508B80 /* AnimatedPagingIndicatorsView.swift */,
				9662F0022C4E294200508B80 /* InfiniteLoopingScrollView.swift */,
				9662F0102C50854400508B80 /* ImageCarouselView.swift */,
				9682B4FA2CA7C852003D917F /* InfiniteCarouselView.swift */,
				9682B7F12CB9EEE2003D917F /* CardCarouselWithScrollTransitionsAPI.swift */,
			);
			path = Carousel;
			sourceTree = "<group>";
		};
		9662EFC92C460E8600508B80 /* HelpView */ = {
			isa = PBXGroup;
			children = (
				9662EFCA2C460E9F00508B80 /* PageIndicatorView.swift */,
				9662EFD22C471DB300508B80 /* ThemeSwitchView.swift */,
				968E55082C61BAD400EB5F52 /* GridCompositionalLayoutView.swift */,
				963B86292CE9495900C3FB0D /* EffectViewModifier.swift */,
			);
			path = HelpView;
			sourceTree = "<group>";
		};
		96726B152C2FA88D007A4E34 /* PomodoroFocusTimer */ = {
			isa = PBXGroup;
			children = (
				96726B1D2C2FD354007A4E34 /* TimePickerView.swift */,
				96726B162C2FA8AA007A4E34 /* TimerHomeView.swift */,
				96726B182C2FCECB007A4E34 /* TimeModel.swift */,
				96726B1B2C2FD04E007A4E34 /* FlipClockTextEffectView.swift */,
				96726B202C2FD9CA007A4E34 /* Recent.swift */,
			);
			path = PomodoroFocusTimer;
			sourceTree = "<group>";
		};
		968A17D22C0704F20072A0BA /* TextEffectView */ = {
			isa = PBXGroup;
			children = (
				96AE18F92C01BEB40015155A /* HackerTextView.swift */,
				9621D9642BE5F85B00183CB7 /* TagFieldView.swift */,
				9621D9692BE84B8300183CB7 /* SelectTagView.swift */,
				965D1DD52C9D4E3A004161B1 /* DynamicTagWidthView.swift */,
				968A17D32C07052F0072A0BA /* FlipClockTextEffectView.swift */,
				96352DB12C12E0E8001AD2FD /* GlitchTextEffectView.swift */,
				962B04722C214C03008E1E5D /* PixellateTextView.swift */,
				962B04752C215176008E1E5D /* Pixellate.metal */,
			);
			path = TextEffectView;
			sourceTree = "<group>";
		};
		9697B73F2C6D9EF60092D07A /* SearchBar */ = {
			isa = PBXGroup;
			children = (
				962B04792C23ED4A008E1E5D /* ExpandableNavigationSearchBarView.swift */,
				9697B7402C6D9F190092D07A /* BlurEffectSearchBarView.swift */,
				96E09E792C6ED10C00A0BE66 /* ProgressiveBlurView.swift */,
				963B87D72CEC0DF000C3FB0D /* mailSearchInboxiOS18.swift */,
			);
			path = SearchBar;
			sourceTree = "<group>";
		};
		96AC80FB2C84F89300ABBE78 /* ScrollView */ = {
			isa = PBXGroup;
			children = (
				9627DF122C25521300ABA6ED /* ScrollToHideHeaderView.swift */,
				96D04B302C09A1960062520D /* StackedScrollView.swift */,
				96AC80FC2C84F91D00ABBE78 /* CustomDragDropScrollView.swift */,
			);
			path = ScrollView;
			sourceTree = "<group>";
		};
		96D495832BBD25160011D5AA /* Video */ = {
			isa = PBXGroup;
			children = (
				963DB1572BBBD91600AAF347 /* FullScreenVideoView.swift */,
				96D495802BBD0E140011D5AA /* ReelView.swift */,
				9662EF2C2C3E01FF00508B80 /* ZoomTransitionView.swift */,
				9662EF362C3E3F2100508B80 /* ZoomVideoDetailView.swift */,
				9662EF382C3E430B00508B80 /* CustomVideoPlayer.swift */,
			);
			path = Video;
			sourceTree = "<group>";
		};
		96DF8A882C39D7F90063A931 /* Sheet */ = {
			isa = PBXGroup;
			children = (
				96DF8A892C39D81E0063A931 /* DynamicSheetView.swift */,
				968E54572C5C5F2800EB5F52 /* FloatingBottomSheetsView.swift */,
			);
			path = Sheet;
			sourceTree = "<group>";
		};
		96E70B0D2B8EBF0000F23A51 /* Tabbar */ = {
			isa = PBXGroup;
			children = (
				9682B8A42CBDC00D003D917F /* AnimatedTabBariOS18.swift */,
				968D2E9F2B8EB69800007734 /* AnimatedTabView.swift */,
				96B884CF2BDCE0DB00196125 /* HorizontalTabView.swift */,
				96AE18FB2C045AE30015155A /* ScrollablePageTabsColorView.swift */,
				96ACBEFE2C35014C004F3070 /* DraggableTabbarView.swift */,
				96ACBF0A2C36791D004F3070 /* TabbarOverSheetView.swift */,
				96E09EC42C7401D600A0BE66 /* FloatingTabBarView.swift */,
				96E09EC62C74105300A0BE66 /* FloatingTabbar.swift */,
			);
			path = Tabbar;
			sourceTree = "<group>";
		};
		96E70B102B8EC21200F23A51 /* ProfileView */ = {
			isa = PBXGroup;
			children = (
				9603C9FA2B8AB79200F91C21 /* HeroItemView.swift */,
				961F3BC12B897D7D0055D79B /* ProfileListView.swift */,
				9603C9F82B8AB73400F91C21 /* BasicProfileAnimationView.swift */,
				961F3B9C2B8818820055D79B /* HeroWrapperItem.swift */,
				968D2D762B8C2B3A00007734 /* ProfileList+SheetView.swift */,
				968D2D7A2B8C65E500007734 /* WindowSharedModelHeroAnimationView.swift */,
			);
			path = ProfileView;
			sourceTree = "<group>";
		};
		96E7CEE22BE32C4900F24910 /* Shape */ = {
			isa = PBXGroup;
			children = (
				96E7CEE32BE32C5C00F24910 /* TabShape.swift */,
			);
			path = Shape;
			sourceTree = "<group>";
		};
		96F9A6EB2B9FACC900FD6900 /* Button */ = {
			isa = PBXGroup;
			children = (
				96F9A6EC2B9FACE100FD6900 /* CustomButton.swift */,
			);
			path = Button;
			sourceTree = "<group>";
		};
		AB40B84A2C9F607800BC7747 /* Grid */ = {
			isa = PBXGroup;
			children = (
				96FF50962B92FE1700B36142 /* GridView.swift */,
				AB40B84B2C9F60A700BC7747 /* GridTransitionView.swift */,
				961BD7682CA4DC8C005ABFD6 /* GridTransitionView+SearchQuery.swift */,
				9682B6CD2CB1D070003D917F /* Grid+PanGestureView.swift */,
			);
			path = Grid;
			sourceTree = "<group>";
		};
/* End PBXGroup section */

/* Begin PBXNativeTarget section */
		961F3B8A2B8818240055D79B /* walletTransition */ = {
			isa = PBXNativeTarget;
			buildConfigurationList = 961F3B992B8818250055D79B /* Build configuration list for PBXNativeTarget "walletTransition" */;
			buildPhases = (
				961F3B872B8818240055D79B /* Sources */,
				961F3B882B8818240055D79B /* Frameworks */,
				961F3B892B8818240055D79B /* Resources */,
			);
			buildRules = (
			);
			dependencies = (
			);
			name = walletTransition;
			productName = animation;
			productReference = 961F3B8B2B8818240055D79B /* walletTransition.app */;
			productType = "com.apple.product-type.application";
		};
		96E4DD6B2D0275B90020261F /* walletApp */ = {
			isa = PBXNativeTarget;
			buildConfigurationList = 96E4DD932D0275BA0020261F /* Build configuration list for PBXNativeTarget "walletApp" */;
			buildPhases = (
				96E4DD682D0275B90020261F /* Sources */,
				96E4DD692D0275B90020261F /* Frameworks */,
				96E4DD6A2D0275B90020261F /* Resources */,
			);
			buildRules = (
			);
			dependencies = (
			);
			fileSystemSynchronizedGroups = (
				96E4DD6D2D0275B90020261F /* walletApp */,
			);
			name = walletApp;
			packageProductDependencies = (
			);
			productName = walletApp;
			productReference = 96E4DD6C2D0275B90020261F /* walletApp.app */;
			productType = "com.apple.product-type.application";
		};
		96E4DD7A2D0275BA0020261F /* walletAppTests */ = {
			isa = PBXNativeTarget;
			buildConfigurationList = 96E4DD942D0275BA0020261F /* Build configuration list for PBXNativeTarget "walletAppTests" */;
			buildPhases = (
				96E4DD772D0275BA0020261F /* Sources */,
				96E4DD782D0275BA0020261F /* Frameworks */,
				96E4DD792D0275BA0020261F /* Resources */,
			);
			buildRules = (
			);
			dependencies = (
				96E4DD7D2D0275BA0020261F /* PBXTargetDependency */,
			);
			fileSystemSynchronizedGroups = (
				96E4DD7E2D0275BA0020261F /* walletAppTests */,
			);
			name = walletAppTests;
			packageProductDependencies = (
			);
			productName = walletAppTests;
			productReference = 96E4DD7B2D0275BA0020261F /* walletAppTests.xctest */;
			productType = "com.apple.product-type.bundle.unit-test";
		};
/* End PBXNativeTarget section */

/* Begin PBXProject section */
		961F3B832B8818240055D79B /* Project object */ = {
			isa = PBXProject;
			attributes = {
				BuildIndependentTargetsInParallel = 1;
				LastSwiftUpdateCheck = 1600;
				LastUpgradeCheck = 1510;
				TargetAttributes = {
					961F3B8A2B8818240055D79B = {
						CreatedOnToolsVersion = 15.1;
					};
					96E4DD6B2D0275B90020261F = {
						CreatedOnToolsVersion = 16.0;
					};
					96E4DD7A2D0275BA0020261F = {
						CreatedOnToolsVersion = 16.0;
						TestTargetID = 96E4DD6B2D0275B90020261F;
					};
				};
			};
			buildConfigurationList = 961F3B862B8818240055D79B /* Build configuration list for PBXProject "walletTransition" */;
			compatibilityVersion = "Xcode 14.0";
			developmentRegion = en;
			hasScannedForEncodings = 0;
			knownRegions = (
				en,
				Base,
			);
			mainGroup = 961F3B822B8818240055D79B;
			productRefGroup = 961F3B8C2B8818240055D79B /* Products */;
			projectDirPath = "";
			projectRoot = "";
			targets = (
				961F3B8A2B8818240055D79B /* walletTransition */,
				96E4DD6B2D0275B90020261F /* walletApp */,
				96E4DD7A2D0275BA0020261F /* walletAppTests */,
			);
		};
/* End PBXProject section */

/* Begin PBXResourcesBuildPhase section */
		961F3B892B8818240055D79B /* Resources */ = {
			isa = PBXResourcesBuildPhase;
			buildActionMask = 2147483647;
			files = (
			);
			runOnlyForDeploymentPostprocessing = 0;
		};
		96E4DD6A2D0275B90020261F /* Resources */ = {
			isa = PBXResourcesBuildPhase;
			buildActionMask = 2147483647;
			files = (
			);
			runOnlyForDeploymentPostprocessing = 0;
		};
		96E4DD792D0275BA0020261F /* Resources */ = {
			isa = PBXResourcesBuildPhase;
			buildActionMask = 2147483647;
			files = (
			);
			runOnlyForDeploymentPostprocessing = 0;
		};
/* End PBXResourcesBuildPhase section */

/* Begin PBXSourcesBuildPhase section */
		961F3B872B8818240055D79B /* Sources */ = {
			isa = PBXSourcesBuildPhase;
			buildActionMask = 2147483647;
			files = (
				9682B6D12CB1D355003D917F /* ColorItem.swift in Sources */,
				963DB14B2BBBD21400AAF347 /* Reel.swift in Sources */,
				961F51D92BC11B5200F0D953 /* Navigation+Extension.swift in Sources */,
				96ACBF0B2C36791D004F3070 /* TabbarOverSheetView.swift in Sources */,
				9621D9652BE5F85B00183CB7 /* TagFieldView.swift in Sources */,
				96F9A6ED2B9FACE100FD6900 /* CustomButton.swift in Sources */,
				967049292CC4BDDA0056269C /* ToastView.swift in Sources */,
				961BD74A2CA4C17C005ABFD6 /* UIImage+Color.swift in Sources */,
				9621DC8F2BF1E9AD00183CB7 /* SwipeActionDemoView.swift in Sources */,
				96FF50992B94427000B36142 /* PlayerAnimationView.swift in Sources */,
				963B862A2CE9495900C3FB0D /* EffectViewModifier.swift in Sources */,
				9697B7412C6D9F190092D07A /* BlurEffectSearchBarView.swift in Sources */,
				968D2D7B2B8C65E500007734 /* WindowSharedModelHeroAnimationView.swift in Sources */,
				964222E62CF3F13C00A69F8D /* DisintegrationEffectView.swift in Sources */,
				96601FF12C78085A002C91FB /* ThemeSwitcherView.swift in Sources */,
				964223702CF69FCF00A69F8D /* ViewExtractor.swift in Sources */,
				962B04782C22A162008E1E5D /* MeshGradientView.swift in Sources */,
				96AC80FD2C84F91D00ABBE78 /* CustomDragDropScrollView.swift in Sources */,
				9662EF372C3E3F2100508B80 /* ZoomVideoDetailView.swift in Sources */,
				96E4DD142CFFDE1F0020261F /* SportItem.swift in Sources */,
				96AE18FA2C01BEB40015155A /* HackerTextView.swift in Sources */,
				96E09EC52C7401D600A0BE66 /* FloatingTabBarView.swift in Sources */,
				963B85B42CD436B100C3FB0D /* SnapshotDemoView.swift in Sources */,
				9662EF2D2C3E01FF00508B80 /* ZoomTransitionView.swift in Sources */,
				9682B7292CB5DD9E003D917F /* CameraControlView.swift in Sources */,
				9600DE512BA17D1800205DE9 /* CustomToast.swift in Sources */,
				968D2D772B8C2B3A00007734 /* ProfileList+SheetView.swift in Sources */,
				96BCDFDD2CC8C05B00A7CBFF /* UniversalOverlayView.swift in Sources */,
				96AC82F42C8BAC2000ABBE78 /* SideBarView.swift in Sources */,
				9682B6CE2CB1D070003D917F /* Grid+PanGestureView.swift in Sources */,
				9658510B2C90ED3E00003266 /* CustomTextFieldWithKeyboard.swift in Sources */,
				9682B4FB2CA7C852003D917F /* InfiniteCarouselView.swift in Sources */,
				961F3BC22B897D7D0055D79B /* ProfileListView.swift in Sources */,
				9662EF292C3E012800508B80 /* Video.swift in Sources */,
				96FF509B2B94465700B36142 /* PlayerItem.swift in Sources */,
				9662F02F2C58BBBB00508B80 /* MorphingView.swift in Sources */,
				963B88312CED4BB500C3FB0D /* TextFieldActions.swift in Sources */,
				968E55092C61BAD400EB5F52 /* GridCompositionalLayoutView.swift in Sources */,
				96F9FB872BB3F17B00C35779 /* SegmentControl.swift in Sources */,
				961868B82BC7A78700552748 /* FloatingButton.swift in Sources */,
				96DF8A8A2C39D81E0063A931 /* DynamicSheetView.swift in Sources */,
				9621DC812BEF461400183CB7 /* PhotoItem.swift in Sources */,
				96ACBF082C3675FA004F3070 /* TabView+Extension.swift in Sources */,
				96B884D02BDCE0DB00196125 /* HorizontalTabView.swift in Sources */,
				96E09E7A2C6ED10C00A0BE66 /* ProgressiveBlurView.swift in Sources */,
				96ACBEF92C33BC62004F3070 /* ExpenseCard.swift in Sources */,
				96352D4F2C0ED814001AD2FD /* CreditCard.swift in Sources */,
				9627DF132C25521300ABA6ED /* ScrollToHideHeaderView.swift in Sources */,
				9662EFCB2C460E9F00508B80 /* PageIndicatorView.swift in Sources */,
				9662EFDD2C47A8AE00508B80 /* Message.swift in Sources */,
				963DB1582BBBD91600AAF347 /* FullScreenVideoView.swift in Sources */,
				965851092C90EC2300003266 /* CustomTextFieldKeyboardsView.swift in Sources */,
				96D495812BBD0E140011D5AA /* ReelView.swift in Sources */,
				9662F0252C583FB600508B80 /* LandingView.swift in Sources */,
				96E70B292B8F10CB00F23A51 /* TabStateScrollView.swift in Sources */,
				96C0C2D72B905DDE00F56FF5 /* Card.swift in Sources */,
				96ACBEF72C33B961004F3070 /* ExpenseHomeView.swift in Sources */,
				96E4DD162CFFDF970020261F /* RotatingIconEffectView.swift in Sources */,
				962B04732C214C03008E1E5D /* PixellateTextView.swift in Sources */,
				961F3BBF2B897A310055D79B /* Profile.swift in Sources */,
				963B87DA2CEC0F3B00C3FB0D /* InboxTabModel.swift in Sources */,
				9621DC912BF1EDB100183CB7 /* ActionModel.swift in Sources */,
				968A17D42C07052F0072A0BA /* FlipClockTextEffectView.swift in Sources */,
				961F3B9D2B8818820055D79B /* HeroWrapperItem.swift in Sources */,
				96FF50972B92FE1700B36142 /* GridView.swift in Sources */,
				963B862D2CE94FAD00C3FB0D /* ExpandableSlideriOS18View.swift in Sources */,
				96601FEF2C7807DD002C91FB /* SchemePicker.swift in Sources */,
				9684833D2BCF62C50023FE2B /* Particle.swift in Sources */,
				963B846E2CCC4B7E00C3FB0D /* UniversalOverlayView+AppleMusicMiniPlaer.swift in Sources */,
				9659991A2BE0BCD6000133FA /* View+Extension.swift in Sources */,
				9662EF392C3E431600508B80 /* CustomVideoPlayer.swift in Sources */,
				96FF509F2B944E7300B36142 /* MiniPlayerView.swift in Sources */,
				9662EFDF2C47AAD300508B80 /* MessengerGradientEffectView.swift in Sources */,
				963B85772CD35BBA00C3FB0D /* Snapshot.swift in Sources */,
				96ACBEFF2C35014C004F3070 /* DraggableTabbarView.swift in Sources */,
				96E09EC72C74105300A0BE66 /* FloatingTabbar.swift in Sources */,
				963B862F2CE971E100C3FB0D /* SliderWorkaroundScrollView.swift in Sources */,
				9662EF342C3E067100508B80 /* VideoSharedModel.swift in Sources */,
				9662F02D2C58482200508B80 /* MetaballAnimationView.swift in Sources */,
				96C0C2D92B905E3500F56FF5 /* CardCarouselView.swift in Sources */,
				9662F0322C58BCCF00508B80 /* CustomShape.swift in Sources */,
				96D04B312C09A1960062520D /* StackedScrollView.swift in Sources */,
				96352DB22C12E0E8001AD2FD /* GlitchTextEffectView.swift in Sources */,
				968D2E9E2B8EB56500007734 /* Tab_iOS17.swift in Sources */,
				9662F01F2C58348100508B80 /* Page.swift in Sources */,
				96C0C2DB2B9063CF00F56FF5 /* OffsetReader.swift in Sources */,
				96FF509D2B944D1B00B36142 /* PlayerConfig.swift in Sources */,
				96ACBEF42C33B79E004F3070 /* Expense.swift in Sources */,
				9682B8A52CBDC00D003D917F /* AnimatedTabBariOS18.swift in Sources */,
				961F51DB2BC3B43B00F0D953 /* LimitedTextFieldIView.swift in Sources */,
				965E03A22BCD059F00E8A400 /* ParticleEffectsView.swift in Sources */,
				96D496612BBFADD10011D5AA /* CircularCarouselSliderView.swift in Sources */,
				96E7CEE42BE32C5C00F24910 /* TabShape.swift in Sources */,
				96352CE12C09A416001AD2FD /* AnchorKey.swift in Sources */,
				963B882F2CED403F00C3FB0D /* CustomTextFieldMenuActionsView.swift in Sources */,
				96301B342C2A5FD300775407 /* TextFieldSelectionAPIView.swift in Sources */,
				963B87D82CEC0DF000C3FB0D /* mailSearchInboxiOS18.swift in Sources */,
				96EBF5E12BD793B400FDD20D /* ColorModel.swift in Sources */,
				9621D96A2BE84B8300183CB7 /* SelectTagView.swift in Sources */,
				96AC82F22C8BAC0E00ABBE78 /* AdaptiveLayoutView.swift in Sources */,
				9662EFD32C471DB300508B80 /* ThemeSwitchView.swift in Sources */,
				9662EFC82C45F51F00508B80 /* AnimatedPagingIndicatorsView.swift in Sources */,
				96352CE62C09AC6E001AD2FD /* StackedCards.swift in Sources */,
				965D1DD62C9D4E3A004161B1 /* DynamicTagWidthView.swift in Sources */,
				9662F0032C4E294200508B80 /* InfiniteLoopingScrollView.swift in Sources */,
				968E54582C5C5F2800EB5F52 /* FloatingBottomSheetsView.swift in Sources */,
				96AE18FD2C045C9A0015155A /* ScrollablePageTabsColorView.swift in Sources */,
				962B04762C215176008E1E5D /* Pixellate.metal in Sources */,
				9603C9FB2B8AB79200F91C21 /* HeroItemView.swift in Sources */,
				961BD7692CA4DC8C005ABFD6 /* GridTransitionView+SearchQuery.swift in Sources */,
				965E03A02BCB2C4A00E8A400 /* BookView.swift in Sources */,
				9684833B2BCF61D40023FE2B /* ParticleEffect.swift in Sources */,
				9662F0112C50854400508B80 /* ImageCarouselView.swift in Sources */,
				9682B7F22CB9EEE2003D917F /* CardCarouselWithScrollTransitionsAPI.swift in Sources */,
				968D2D792B8C34CB00007734 /* WindowSharedModel.swift in Sources */,
				96C0C2DD2B906BA500F56FF5 /* ParallelXCardView.swift in Sources */,
				963B84712CCC4F5200C3FB0D /* ExpandableMusicPlayerView.swift in Sources */,
				9621D9672BE8409A00183CB7 /* TagLayout.swift in Sources */,
				9662F0232C5838CB00508B80 /* MorphingSymbolView.swift in Sources */,
				96B884EA2BDD82B000196125 /* Interpolation.swift in Sources */,
				965E573C2BC5097C00E172B3 /* DropDownView.swift in Sources */,
				9621D9632BE5F7D100183CB7 /* Tag.swift in Sources */,
				9603C9F92B8AB73400F91C21 /* BasicProfileAnimationView.swift in Sources */,
				962B047A2C23ED4A008E1E5D /* ExpandableNavigationSearchBarView.swift in Sources */,
				AB40B84C2C9F60A700BC7747 /* GridTransitionView.swift in Sources */,
				9642236D2CF698D600A69F8D /* InteractiveNavigationGestureView.swift in Sources */,
				AB40B8472C9F5F9A00BC7747 /* Note.swift in Sources */,
				96352D532C0ED913001AD2FD /* VerticalCircularCarouselView.swift in Sources */,
				968D2EA02B8EB69800007734 /* AnimatedTabView.swift in Sources */,
				96AC80FF2C84FFF900ABBE78 /* Control.swift in Sources */,
			);
			runOnlyForDeploymentPostprocessing = 0;
		};
		96E4DD682D0275B90020261F /* Sources */ = {
			isa = PBXSourcesBuildPhase;
			buildActionMask = 2147483647;
			files = (
			);
			runOnlyForDeploymentPostprocessing = 0;
		};
		96E4DD772D0275BA0020261F /* Sources */ = {
			isa = PBXSourcesBuildPhase;
			buildActionMask = 2147483647;
			files = (
			);
			runOnlyForDeploymentPostprocessing = 0;
		};
/* End PBXSourcesBuildPhase section */

/* Begin PBXTargetDependency section */
		96E4DD7D2D0275BA0020261F /* PBXTargetDependency */ = {
			isa = PBXTargetDependency;
			target = 96E4DD6B2D0275B90020261F /* walletApp */;
			targetProxy = 96E4DD7C2D0275BA0020261F /* PBXContainerItemProxy */;
		};
/* End PBXTargetDependency section */

/* Begin XCBuildConfiguration section */
		961F3B972B8818250055D79B /* Debug */ = {
			isa = XCBuildConfiguration;
			buildSettings = {
				ALWAYS_SEARCH_USER_PATHS = NO;
				ASSETCATALOG_COMPILER_GENERATE_SWIFT_ASSET_SYMBOL_EXTENSIONS = YES;
				CLANG_ANALYZER_NONNULL = YES;
				CLANG_ANALYZER_NUMBER_OBJECT_CONVERSION = YES_AGGRESSIVE;
				CLANG_CXX_LANGUAGE_STANDARD = "gnu++20";
				CLANG_ENABLE_MODULES = YES;
				CLANG_ENABLE_OBJC_ARC = YES;
				CLANG_ENABLE_OBJC_WEAK = YES;
				CLANG_WARN_BLOCK_CAPTURE_AUTORELEASING = YES;
				CLANG_WARN_BOOL_CONVERSION = YES;
				CLANG_WARN_COMMA = YES;
				CLANG_WARN_CONSTANT_CONVERSION = YES;
				CLANG_WARN_DEPRECATED_OBJC_IMPLEMENTATIONS = YES;
				CLANG_WARN_DIRECT_OBJC_ISA_USAGE = YES_ERROR;
				CLANG_WARN_DOCUMENTATION_COMMENTS = YES;
				CLANG_WARN_EMPTY_BODY = YES;
				CLANG_WARN_ENUM_CONVERSION = YES;
				CLANG_WARN_INFINITE_RECURSION = YES;
				CLANG_WARN_INT_CONVERSION = YES;
				CLANG_WARN_NON_LITERAL_NULL_CONVERSION = YES;
				CLANG_WARN_OBJC_IMPLICIT_RETAIN_SELF = YES;
				CLANG_WARN_OBJC_LITERAL_CONVERSION = YES;
				CLANG_WARN_OBJC_ROOT_CLASS = YES_ERROR;
				CLANG_WARN_QUOTED_INCLUDE_IN_FRAMEWORK_HEADER = YES;
				CLANG_WARN_RANGE_LOOP_ANALYSIS = YES;
				CLANG_WARN_STRICT_PROTOTYPES = YES;
				CLANG_WARN_SUSPICIOUS_MOVE = YES;
				CLANG_WARN_UNGUARDED_AVAILABILITY = YES_AGGRESSIVE;
				CLANG_WARN_UNREACHABLE_CODE = YES;
				CLANG_WARN__DUPLICATE_METHOD_MATCH = YES;
				COPY_PHASE_STRIP = NO;
				DEBUG_INFORMATION_FORMAT = dwarf;
				ENABLE_STRICT_OBJC_MSGSEND = YES;
				ENABLE_TESTABILITY = YES;
				ENABLE_USER_SCRIPT_SANDBOXING = YES;
				GCC_C_LANGUAGE_STANDARD = gnu17;
				GCC_DYNAMIC_NO_PIC = NO;
				GCC_NO_COMMON_BLOCKS = YES;
				GCC_OPTIMIZATION_LEVEL = 0;
				GCC_PREPROCESSOR_DEFINITIONS = (
					"DEBUG=1",
					"$(inherited)",
				);
				GCC_WARN_64_TO_32_BIT_CONVERSION = YES;
				GCC_WARN_ABOUT_RETURN_TYPE = YES_ERROR;
				GCC_WARN_UNDECLARED_SELECTOR = YES;
				GCC_WARN_UNINITIALIZED_AUTOS = YES_AGGRESSIVE;
				GCC_WARN_UNUSED_FUNCTION = YES;
				GCC_WARN_UNUSED_VARIABLE = YES;
				INFOPLIST_KEY_UILaunchScreen_Generation = YES;
				IPHONEOS_DEPLOYMENT_TARGET = 18.0;
				LOCALIZATION_PREFERS_STRING_CATALOGS = YES;
				MTL_ENABLE_DEBUG_INFO = INCLUDE_SOURCE;
				MTL_FAST_MATH = YES;
				ONLY_ACTIVE_ARCH = YES;
				SDKROOT = iphoneos;
				SWIFT_ACTIVE_COMPILATION_CONDITIONS = "DEBUG $(inherited)";
				SWIFT_OPTIMIZATION_LEVEL = "-Onone";
			};
			name = Debug;
		};
		961F3B982B8818250055D79B /* Release */ = {
			isa = XCBuildConfiguration;
			buildSettings = {
				ALWAYS_SEARCH_USER_PATHS = NO;
				ASSETCATALOG_COMPILER_GENERATE_SWIFT_ASSET_SYMBOL_EXTENSIONS = YES;
				CLANG_ANALYZER_NONNULL = YES;
				CLANG_ANALYZER_NUMBER_OBJECT_CONVERSION = YES_AGGRESSIVE;
				CLANG_CXX_LANGUAGE_STANDARD = "gnu++20";
				CLANG_ENABLE_MODULES = YES;
				CLANG_ENABLE_OBJC_ARC = YES;
				CLANG_ENABLE_OBJC_WEAK = YES;
				CLANG_WARN_BLOCK_CAPTURE_AUTORELEASING = YES;
				CLANG_WARN_BOOL_CONVERSION = YES;
				CLANG_WARN_COMMA = YES;
				CLANG_WARN_CONSTANT_CONVERSION = YES;
				CLANG_WARN_DEPRECATED_OBJC_IMPLEMENTATIONS = YES;
				CLANG_WARN_DIRECT_OBJC_ISA_USAGE = YES_ERROR;
				CLANG_WARN_DOCUMENTATION_COMMENTS = YES;
				CLANG_WARN_EMPTY_BODY = YES;
				CLANG_WARN_ENUM_CONVERSION = YES;
				CLANG_WARN_INFINITE_RECURSION = YES;
				CLANG_WARN_INT_CONVERSION = YES;
				CLANG_WARN_NON_LITERAL_NULL_CONVERSION = YES;
				CLANG_WARN_OBJC_IMPLICIT_RETAIN_SELF = YES;
				CLANG_WARN_OBJC_LITERAL_CONVERSION = YES;
				CLANG_WARN_OBJC_ROOT_CLASS = YES_ERROR;
				CLANG_WARN_QUOTED_INCLUDE_IN_FRAMEWORK_HEADER = YES;
				CLANG_WARN_RANGE_LOOP_ANALYSIS = YES;
				CLANG_WARN_STRICT_PROTOTYPES = YES;
				CLANG_WARN_SUSPICIOUS_MOVE = YES;
				CLANG_WARN_UNGUARDED_AVAILABILITY = YES_AGGRESSIVE;
				CLANG_WARN_UNREACHABLE_CODE = YES;
				CLANG_WARN__DUPLICATE_METHOD_MATCH = YES;
				COPY_PHASE_STRIP = NO;
				DEBUG_INFORMATION_FORMAT = "dwarf-with-dsym";
				ENABLE_NS_ASSERTIONS = NO;
				ENABLE_STRICT_OBJC_MSGSEND = YES;
				ENABLE_USER_SCRIPT_SANDBOXING = YES;
				GCC_C_LANGUAGE_STANDARD = gnu17;
				GCC_NO_COMMON_BLOCKS = YES;
				GCC_WARN_64_TO_32_BIT_CONVERSION = YES;
				GCC_WARN_ABOUT_RETURN_TYPE = YES_ERROR;
				GCC_WARN_UNDECLARED_SELECTOR = YES;
				GCC_WARN_UNINITIALIZED_AUTOS = YES_AGGRESSIVE;
				GCC_WARN_UNUSED_FUNCTION = YES;
				GCC_WARN_UNUSED_VARIABLE = YES;
				INFOPLIST_KEY_UILaunchScreen_Generation = YES;
				IPHONEOS_DEPLOYMENT_TARGET = 18.0;
				LOCALIZATION_PREFERS_STRING_CATALOGS = YES;
				MTL_ENABLE_DEBUG_INFO = NO;
				MTL_FAST_MATH = YES;
				SDKROOT = iphoneos;
				SWIFT_COMPILATION_MODE = wholemodule;
				VALIDATE_PRODUCT = YES;
			};
			name = Release;
		};
		961F3B9A2B8818250055D79B /* Debug */ = {
			isa = XCBuildConfiguration;
			buildSettings = {
				ASSETCATALOG_COMPILER_APPICON_NAME = AppIcon;
				ASSETCATALOG_COMPILER_GLOBAL_ACCENT_COLOR_NAME = AccentColor;
				CODE_SIGN_STYLE = Automatic;
				CURRENT_PROJECT_VERSION = 1;
				DEVELOPMENT_ASSET_PATHS = "\"animation/Preview Content\"";
				DEVELOPMENT_TEAM = Z5RJ99BFF2;
				ENABLE_PREVIEWS = YES;
				GENERATE_INFOPLIST_FILE = YES;
				INFOPLIST_FILE = animation/Info.plist;
				INFOPLIST_KEY_UIApplicationSceneManifest_Generation = YES;
				INFOPLIST_KEY_UIApplicationSupportsIndirectInputEvents = YES;
				INFOPLIST_KEY_UISupportedInterfaceOrientations_iPad = "UIInterfaceOrientationPortrait UIInterfaceOrientationPortraitUpsideDown UIInterfaceOrientationLandscapeLeft UIInterfaceOrientationLandscapeRight";
				INFOPLIST_KEY_UISupportedInterfaceOrientations_iPhone = "UIInterfaceOrientationPortrait UIInterfaceOrientationLandscapeLeft UIInterfaceOrientationLandscapeRight";
				LD_RUNPATH_SEARCH_PATHS = (
					"$(inherited)",
					"@executable_path/Frameworks",
				);
				MARKETING_VERSION = 1.0;
				PRODUCT_BUNDLE_IDENTIFIER = nanachi.animation;
				PRODUCT_NAME = "$(TARGET_NAME)";
				SWIFT_EMIT_LOC_STRINGS = YES;
				SWIFT_VERSION = 5.0;
				TARGETED_DEVICE_FAMILY = "1,2";
			};
			name = Debug;
		};
		961F3B9B2B8818250055D79B /* Release */ = {
			isa = XCBuildConfiguration;
			buildSettings = {
				ASSETCATALOG_COMPILER_APPICON_NAME = AppIcon;
				ASSETCATALOG_COMPILER_GLOBAL_ACCENT_COLOR_NAME = AccentColor;
				CODE_SIGN_STYLE = Automatic;
				CURRENT_PROJECT_VERSION = 1;
				DEVELOPMENT_ASSET_PATHS = "\"animation/Preview Content\"";
				DEVELOPMENT_TEAM = Z5RJ99BFF2;
				ENABLE_PREVIEWS = YES;
				GENERATE_INFOPLIST_FILE = YES;
				INFOPLIST_FILE = animation/Info.plist;
				INFOPLIST_KEY_UIApplicationSceneManifest_Generation = YES;
				INFOPLIST_KEY_UIApplicationSupportsIndirectInputEvents = YES;
				INFOPLIST_KEY_UISupportedInterfaceOrientations_iPad = "UIInterfaceOrientationPortrait UIInterfaceOrientationPortraitUpsideDown UIInterfaceOrientationLandscapeLeft UIInterfaceOrientationLandscapeRight";
				INFOPLIST_KEY_UISupportedInterfaceOrientations_iPhone = "UIInterfaceOrientationPortrait UIInterfaceOrientationLandscapeLeft UIInterfaceOrientationLandscapeRight";
				LD_RUNPATH_SEARCH_PATHS = (
					"$(inherited)",
					"@executable_path/Frameworks",
				);
				MARKETING_VERSION = 1.0;
				PRODUCT_BUNDLE_IDENTIFIER = nanachi.animation;
				PRODUCT_NAME = "$(TARGET_NAME)";
				SWIFT_EMIT_LOC_STRINGS = YES;
				SWIFT_VERSION = 5.0;
				TARGETED_DEVICE_FAMILY = "1,2";
			};
			name = Release;
		};
		96E4DD8D2D0275BA0020261F /* Debug */ = {
			isa = XCBuildConfiguration;
			buildSettings = {
				ASSETCATALOG_COMPILER_APPICON_NAME = AppIcon;
				ASSETCATALOG_COMPILER_GLOBAL_ACCENT_COLOR_NAME = AccentColor;
				CODE_SIGN_STYLE = Automatic;
				CURRENT_PROJECT_VERSION = 1;
				DEVELOPMENT_ASSET_PATHS = "\"walletApp/Preview Content\"";
				DEVELOPMENT_TEAM = Z5RJ99BFF2;
				ENABLE_PREVIEWS = YES;
				GENERATE_INFOPLIST_FILE = YES;
				INFOPLIST_KEY_UIApplicationSceneManifest_Generation = YES;
				INFOPLIST_KEY_UIApplicationSupportsIndirectInputEvents = YES;
				INFOPLIST_KEY_UILaunchScreen_Generation = YES;
				INFOPLIST_KEY_UISupportedInterfaceOrientations_iPad = "UIInterfaceOrientationPortrait UIInterfaceOrientationPortraitUpsideDown UIInterfaceOrientationLandscapeLeft UIInterfaceOrientationLandscapeRight";
				INFOPLIST_KEY_UISupportedInterfaceOrientations_iPhone = "UIInterfaceOrientationPortrait UIInterfaceOrientationLandscapeLeft UIInterfaceOrientationLandscapeRight";
				LD_RUNPATH_SEARCH_PATHS = (
					"$(inherited)",
					"@executable_path/Frameworks",
				);
				MARKETING_VERSION = 1.0;
				PRODUCT_BUNDLE_IDENTIFIER = nanachi.playground.walletApp;
				PRODUCT_NAME = "$(TARGET_NAME)";
				SWIFT_EMIT_LOC_STRINGS = YES;
				SWIFT_VERSION = 5.0;
				TARGETED_DEVICE_FAMILY = "1,2";
			};
			name = Debug;
		};
		96E4DD8E2D0275BA0020261F /* Release */ = {
			isa = XCBuildConfiguration;
			buildSettings = {
				ASSETCATALOG_COMPILER_APPICON_NAME = AppIcon;
				ASSETCATALOG_COMPILER_GLOBAL_ACCENT_COLOR_NAME = AccentColor;
				CODE_SIGN_STYLE = Automatic;
				CURRENT_PROJECT_VERSION = 1;
				DEVELOPMENT_ASSET_PATHS = "\"walletApp/Preview Content\"";
				DEVELOPMENT_TEAM = Z5RJ99BFF2;
				ENABLE_PREVIEWS = YES;
				GENERATE_INFOPLIST_FILE = YES;
				INFOPLIST_KEY_UIApplicationSceneManifest_Generation = YES;
				INFOPLIST_KEY_UIApplicationSupportsIndirectInputEvents = YES;
				INFOPLIST_KEY_UILaunchScreen_Generation = YES;
				INFOPLIST_KEY_UISupportedInterfaceOrientations_iPad = "UIInterfaceOrientationPortrait UIInterfaceOrientationPortraitUpsideDown UIInterfaceOrientationLandscapeLeft UIInterfaceOrientationLandscapeRight";
				INFOPLIST_KEY_UISupportedInterfaceOrientations_iPhone = "UIInterfaceOrientationPortrait UIInterfaceOrientationLandscapeLeft UIInterfaceOrientationLandscapeRight";
				LD_RUNPATH_SEARCH_PATHS = (
					"$(inherited)",
					"@executable_path/Frameworks",
				);
				MARKETING_VERSION = 1.0;
				PRODUCT_BUNDLE_IDENTIFIER = nanachi.playground.walletApp;
				PRODUCT_NAME = "$(TARGET_NAME)";
				SWIFT_EMIT_LOC_STRINGS = YES;
				SWIFT_VERSION = 5.0;
				TARGETED_DEVICE_FAMILY = "1,2";
			};
			name = Release;
		};
		96E4DD8F2D0275BA0020261F /* Debug */ = {
			isa = XCBuildConfiguration;
			buildSettings = {
				BUNDLE_LOADER = "$(TEST_HOST)";
				CODE_SIGN_STYLE = Automatic;
				CURRENT_PROJECT_VERSION = 1;
				DEVELOPMENT_TEAM = Z5RJ99BFF2;
				GENERATE_INFOPLIST_FILE = YES;
				IPHONEOS_DEPLOYMENT_TARGET = 18.0;
				MARKETING_VERSION = 1.0;
				PRODUCT_BUNDLE_IDENTIFIER = nanachi.playground.walletAppTests;
				PRODUCT_NAME = "$(TARGET_NAME)";
				SWIFT_EMIT_LOC_STRINGS = NO;
				SWIFT_VERSION = 5.0;
				TARGETED_DEVICE_FAMILY = "1,2";
				TEST_HOST = "$(BUILT_PRODUCTS_DIR)/walletApp.app/$(BUNDLE_EXECUTABLE_FOLDER_PATH)/walletApp";
			};
			name = Debug;
		};
		96E4DD902D0275BA0020261F /* Release */ = {
			isa = XCBuildConfiguration;
			buildSettings = {
				BUNDLE_LOADER = "$(TEST_HOST)";
				CODE_SIGN_STYLE = Automatic;
				CURRENT_PROJECT_VERSION = 1;
				DEVELOPMENT_TEAM = Z5RJ99BFF2;
				GENERATE_INFOPLIST_FILE = YES;
				IPHONEOS_DEPLOYMENT_TARGET = 18.0;
				MARKETING_VERSION = 1.0;
				PRODUCT_BUNDLE_IDENTIFIER = nanachi.playground.walletAppTests;
				PRODUCT_NAME = "$(TARGET_NAME)";
				SWIFT_EMIT_LOC_STRINGS = NO;
				SWIFT_VERSION = 5.0;
				TARGETED_DEVICE_FAMILY = "1,2";
				TEST_HOST = "$(BUILT_PRODUCTS_DIR)/walletApp.app/$(BUNDLE_EXECUTABLE_FOLDER_PATH)/walletApp";
			};
			name = Release;
		};
/* End XCBuildConfiguration section */

/* Begin XCConfigurationList section */
		961F3B862B8818240055D79B /* Build configuration list for PBXProject "walletTransition" */ = {
			isa = XCConfigurationList;
			buildConfigurations = (
				961F3B972B8818250055D79B /* Debug */,
				961F3B982B8818250055D79B /* Release */,
			);
			defaultConfigurationIsVisible = 0;
			defaultConfigurationName = Release;
		};
		961F3B992B8818250055D79B /* Build configuration list for PBXNativeTarget "walletTransition" */ = {
			isa = XCConfigurationList;
			buildConfigurations = (
				961F3B9A2B8818250055D79B /* Debug */,
				961F3B9B2B8818250055D79B /* Release */,
			);
			defaultConfigurationIsVisible = 0;
			defaultConfigurationName = Release;
		};
		96E4DD932D0275BA0020261F /* Build configuration list for PBXNativeTarget "walletApp" */ = {
			isa = XCConfigurationList;
			buildConfigurations = (
				96E4DD8D2D0275BA0020261F /* Debug */,
				96E4DD8E2D0275BA0020261F /* Release */,
			);
			defaultConfigurationIsVisible = 0;
			defaultConfigurationName = Release;
		};
		96E4DD942D0275BA0020261F /* Build configuration list for PBXNativeTarget "walletAppTests" */ = {
			isa = XCConfigurationList;
			buildConfigurations = (
				96E4DD8F2D0275BA0020261F /* Debug */,
				96E4DD902D0275BA0020261F /* Release */,
			);
			defaultConfigurationIsVisible = 0;
			defaultConfigurationName = Release;
		};
/* End XCConfigurationList section */
	};
	rootObject = 961F3B832B8818240055D79B /* Project object */;
}
